// !$*UTF8*$!
{
	archiveVersion = 1;
	classes = {
	};
	objectVersion = 50;
	objects = {

/* Begin PBXBuildFile section */
		B6C6A3E2231F70A00035FFB0 /* AppDelegate.swift in Sources */ = {isa = PBXBuildFile; fileRef = B6C6A3E1231F70A00035FFB0 /* AppDelegate.swift */; };
		B6C6A3E4231F70A00035FFB0 /* ViewController.swift in Sources */ = {isa = PBXBuildFile; fileRef = B6C6A3E3231F70A00035FFB0 /* ViewController.swift */; };
		B6C6A3E7231F70A00035FFB0 /* Main.storyboard in Resources */ = {isa = PBXBuildFile; fileRef = B6C6A3E5231F70A00035FFB0 /* Main.storyboard */; };
		B6C6A3E9231F70A60035FFB0 /* Assets.xcassets in Resources */ = {isa = PBXBuildFile; fileRef = B6C6A3E8231F70A60035FFB0 /* Assets.xcassets */; };
		B6C6A3EC231F70A60035FFB0 /* LaunchScreen.storyboard in Resources */ = {isa = PBXBuildFile; fileRef = B6C6A3EA231F70A60035FFB0 /* LaunchScreen.storyboard */; };
		B6C6A3F7231F70A60035FFB0 /* OpenGL_ES_______Tests.swift in Sources */ = {isa = PBXBuildFile; fileRef = B6C6A3F6231F70A60035FFB0 /* OpenGL_ES_______Tests.swift */; };
		B6C6A402231F70A60035FFB0 /* OpenGL_ES_______UITests.swift in Sources */ = {isa = PBXBuildFile; fileRef = B6C6A401231F70A60035FFB0 /* OpenGL_ES_______UITests.swift */; };
		B6C6A410231F70F80035FFB0 /* girl.jpg in Resources */ = {isa = PBXBuildFile; fileRef = B6C6A40F231F70F70035FFB0 /* girl.jpg */; };
		B6C6A413231F71150035FFB0 /* OMFilterView.swift in Sources */ = {isa = PBXBuildFile; fileRef = B6C6A411231F71140035FFB0 /* OMFilterView.swift */; };
		B6C6A414231F71150035FFB0 /* OMView.swift in Sources */ = {isa = PBXBuildFile; fileRef = B6C6A412231F71150035FFB0 /* OMView.swift */; };
		B6C6A418231F713F0035FFB0 /* FragmentShaderNormal.fsh in Resources */ = {isa = PBXBuildFile; fileRef = B6C6A416231F713F0035FFB0 /* FragmentShaderNormal.fsh */; };
		B6C6A419231F713F0035FFB0 /* VertexShaderNormal.vsh in Resources */ = {isa = PBXBuildFile; fileRef = B6C6A417231F713F0035FFB0 /* VertexShaderNormal.vsh */; };
		B6C6A41C231F71C00035FFB0 /* VertexShaderScale.vsh in Resources */ = {isa = PBXBuildFile; fileRef = B6C6A41B231F71C00035FFB0 /* VertexShaderScale.vsh */; };
		B6C6A41E231F71D50035FFB0 /* FragmentShaderScale.fsh in Resources */ = {isa = PBXBuildFile; fileRef = B6C6A41D231F71D50035FFB0 /* FragmentShaderScale.fsh */; };
		B6C6A421231FA9170035FFB0 /* VertexShaderSoulOut.vsh in Resources */ = {isa = PBXBuildFile; fileRef = B6C6A420231FA9170035FFB0 /* VertexShaderSoulOut.vsh */; };
		B6C6A423231FA92C0035FFB0 /* FragmentShaderSoulOut.fsh in Resources */ = {isa = PBXBuildFile; fileRef = B6C6A422231FA92C0035FFB0 /* FragmentShaderSoulOut.fsh */; };
		B6C6A426231FB3AC0035FFB0 /* VertexShaderShake.vsh in Resources */ = {isa = PBXBuildFile; fileRef = B6C6A425231FB3AC0035FFB0 /* VertexShaderShake.vsh */; };
		B6C6A428231FB3C10035FFB0 /* FragmentShaderShake.fsh in Resources */ = {isa = PBXBuildFile; fileRef = B6C6A427231FB3C10035FFB0 /* FragmentShaderShake.fsh */; };
		B6C6A42B231FB90C0035FFB0 /* VertexShaderShakeWhite.vsh in Resources */ = {isa = PBXBuildFile; fileRef = B6C6A42A231FB90B0035FFB0 /* VertexShaderShakeWhite.vsh */; };
		B6C6A42D231FB9250035FFB0 /* FragmentShaderShakeWhite.fsh in Resources */ = {isa = PBXBuildFile; fileRef = B6C6A42C231FB9250035FFB0 /* FragmentShaderShakeWhite.fsh */; };
		B6C6A430231FBB320035FFB0 /* VertexShaderGlitch.vsh in Resources */ = {isa = PBXBuildFile; fileRef = B6C6A42F231FBB320035FFB0 /* VertexShaderGlitch.vsh */; };
		B6C6A432231FBB520035FFB0 /* FragmentShaderGlitch.fsh in Resources */ = {isa = PBXBuildFile; fileRef = B6C6A431231FBB510035FFB0 /* FragmentShaderGlitch.fsh */; };
/* End PBXBuildFile section */

/* Begin PBXContainerItemProxy section */
		B6C6A3F3231F70A60035FFB0 /* PBXContainerItemProxy */ = {
			isa = PBXContainerItemProxy;
			containerPortal = B6C6A3D6231F70A00035FFB0 /* Project object */;
			proxyType = 1;
			remoteGlobalIDString = B6C6A3DD231F70A00035FFB0;
			remoteInfo = "OpenGL ES 抖音部分滤镜";
		};
		B6C6A3FE231F70A60035FFB0 /* PBXContainerItemProxy */ = {
			isa = PBXContainerItemProxy;
			containerPortal = B6C6A3D6231F70A00035FFB0 /* Project object */;
			proxyType = 1;
			remoteGlobalIDString = B6C6A3DD231F70A00035FFB0;
			remoteInfo = "OpenGL ES 抖音部分滤镜";
		};
/* End PBXContainerItemProxy section */

/* Begin PBXFileReference section */
		B6C6A3DE231F70A00035FFB0 /* OpenGL ES 抖音部分滤镜.app */ = {isa = PBXFileReference; explicitFileType = wrapper.application; includeInIndex = 0; path = "OpenGL ES 抖音部分滤镜.app"; sourceTree = BUILT_PRODUCTS_DIR; };
		B6C6A3E1231F70A00035FFB0 /* AppDelegate.swift */ = {isa = PBXFileReference; lastKnownFileType = sourcecode.swift; path = AppDelegate.swift; sourceTree = "<group>"; };
		B6C6A3E3231F70A00035FFB0 /* ViewController.swift */ = {isa = PBXFileReference; lastKnownFileType = sourcecode.swift; path = ViewController.swift; sourceTree = "<group>"; };
		B6C6A3E6231F70A00035FFB0 /* Base */ = {isa = PBXFileReference; lastKnownFileType = file.storyboard; name = Base; path = Base.lproj/Main.storyboard; sourceTree = "<group>"; };
		B6C6A3E8231F70A60035FFB0 /* Assets.xcassets */ = {isa = PBXFileReference; lastKnownFileType = folder.assetcatalog; path = Assets.xcassets; sourceTree = "<group>"; };
		B6C6A3EB231F70A60035FFB0 /* Base */ = {isa = PBXFileReference; lastKnownFileType = file.storyboard; name = Base; path = Base.lproj/LaunchScreen.storyboard; sourceTree = "<group>"; };
		B6C6A3ED231F70A60035FFB0 /* Info.plist */ = {isa = PBXFileReference; lastKnownFileType = text.plist.xml; path = Info.plist; sourceTree = "<group>"; };
		B6C6A3F2231F70A60035FFB0 /* OpenGL ES 抖音部分滤镜Tests.xctest */ = {isa = PBXFileReference; explicitFileType = wrapper.cfbundle; includeInIndex = 0; path = "OpenGL ES 抖音部分滤镜Tests.xctest"; sourceTree = BUILT_PRODUCTS_DIR; };
		B6C6A3F6231F70A60035FFB0 /* OpenGL_ES_______Tests.swift */ = {isa = PBXFileReference; lastKnownFileType = sourcecode.swift; path = "OpenGL_ES_______Tests.swift"; sourceTree = "<group>"; };
		B6C6A3F8231F70A60035FFB0 /* Info.plist */ = {isa = PBXFileReference; lastKnownFileType = text.plist.xml; path = Info.plist; sourceTree = "<group>"; };
		B6C6A3FD231F70A60035FFB0 /* OpenGL ES 抖音部分滤镜UITests.xctest */ = {isa = PBXFileReference; explicitFileType = wrapper.cfbundle; includeInIndex = 0; path = "OpenGL ES 抖音部分滤镜UITests.xctest"; sourceTree = BUILT_PRODUCTS_DIR; };
		B6C6A401231F70A60035FFB0 /* OpenGL_ES_______UITests.swift */ = {isa = PBXFileReference; lastKnownFileType = sourcecode.swift; path = "OpenGL_ES_______UITests.swift"; sourceTree = "<group>"; };
		B6C6A403231F70A60035FFB0 /* Info.plist */ = {isa = PBXFileReference; lastKnownFileType = text.plist.xml; path = Info.plist; sourceTree = "<group>"; };
		B6C6A40F231F70F70035FFB0 /* girl.jpg */ = {isa = PBXFileReference; lastKnownFileType = image.jpeg; name = girl.jpg; path = "../../OpenGL ES 常见滤镜/OpenGL ES 常见滤镜/girl.jpg"; sourceTree = "<group>"; };
		B6C6A411231F71140035FFB0 /* OMFilterView.swift */ = {isa = PBXFileReference; fileEncoding = 4; lastKnownFileType = sourcecode.swift; name = OMFilterView.swift; path = "../../OpenGL ES 常见滤镜/OpenGL ES 常见滤镜/OMFilterView.swift"; sourceTree = "<group>"; };
		B6C6A412231F71150035FFB0 /* OMView.swift */ = {isa = PBXFileReference; fileEncoding = 4; lastKnownFileType = sourcecode.swift; name = OMView.swift; path = "../../OpenGL ES 常见滤镜/OpenGL ES 常见滤镜/OMView.swift"; sourceTree = "<group>"; };
		B6C6A416231F713F0035FFB0 /* FragmentShaderNormal.fsh */ = {isa = PBXFileReference; fileEncoding = 4; lastKnownFileType = sourcecode.glsl; path = FragmentShaderNormal.fsh; sourceTree = "<group>"; };
		B6C6A417231F713F0035FFB0 /* VertexShaderNormal.vsh */ = {isa = PBXFileReference; fileEncoding = 4; lastKnownFileType = sourcecode.glsl; path = VertexShaderNormal.vsh; sourceTree = "<group>"; };
		B6C6A41B231F71C00035FFB0 /* VertexShaderScale.vsh */ = {isa = PBXFileReference; lastKnownFileType = sourcecode.glsl; path = VertexShaderScale.vsh; sourceTree = "<group>"; };
		B6C6A41D231F71D50035FFB0 /* FragmentShaderScale.fsh */ = {isa = PBXFileReference; lastKnownFileType = sourcecode.glsl; path = FragmentShaderScale.fsh; sourceTree = "<group>"; };
		B6C6A420231FA9170035FFB0 /* VertexShaderSoulOut.vsh */ = {isa = PBXFileReference; lastKnownFileType = sourcecode.glsl; path = VertexShaderSoulOut.vsh; sourceTree = "<group>"; };
		B6C6A422231FA92C0035FFB0 /* FragmentShaderSoulOut.fsh */ = {isa = PBXFileReference; lastKnownFileType = sourcecode.glsl; path = FragmentShaderSoulOut.fsh; sourceTree = "<group>"; };
		B6C6A425231FB3AC0035FFB0 /* VertexShaderShake.vsh */ = {isa = PBXFileReference; lastKnownFileType = sourcecode.glsl; path = VertexShaderShake.vsh; sourceTree = "<group>"; };
		B6C6A427231FB3C10035FFB0 /* FragmentShaderShake.fsh */ = {isa = PBXFileReference; lastKnownFileType = sourcecode.glsl; path = FragmentShaderShake.fsh; sourceTree = "<group>"; };
		B6C6A42A231FB90B0035FFB0 /* VertexShaderShakeWhite.vsh */ = {isa = PBXFileReference; lastKnownFileType = sourcecode.glsl; path = VertexShaderShakeWhite.vsh; sourceTree = "<group>"; };
		B6C6A42C231FB9250035FFB0 /* FragmentShaderShakeWhite.fsh */ = {isa = PBXFileReference; lastKnownFileType = sourcecode.glsl; path = FragmentShaderShakeWhite.fsh; sourceTree = "<group>"; };
		B6C6A42F231FBB320035FFB0 /* VertexShaderGlitch.vsh */ = {isa = PBXFileReference; lastKnownFileType = sourcecode.glsl; path = VertexShaderGlitch.vsh; sourceTree = "<group>"; };
		B6C6A431231FBB510035FFB0 /* FragmentShaderGlitch.fsh */ = {isa = PBXFileReference; lastKnownFileType = sourcecode.glsl; path = FragmentShaderGlitch.fsh; sourceTree = "<group>"; };
/* End PBXFileReference section */

/* Begin PBXFrameworksBuildPhase section */
		B6C6A3DB231F70A00035FFB0 /* Frameworks */ = {
			isa = PBXFrameworksBuildPhase;
			buildActionMask = 2147483647;
			files = (
			);
			runOnlyForDeploymentPostprocessing = 0;
		};
		B6C6A3EF231F70A60035FFB0 /* Frameworks */ = {
			isa = PBXFrameworksBuildPhase;
			buildActionMask = 2147483647;
			files = (
			);
			runOnlyForDeploymentPostprocessing = 0;
		};
		B6C6A3FA231F70A60035FFB0 /* Frameworks */ = {
			isa = PBXFrameworksBuildPhase;
			buildActionMask = 2147483647;
			files = (
			);
			runOnlyForDeploymentPostprocessing = 0;
		};
/* End PBXFrameworksBuildPhase section */

/* Begin PBXGroup section */
		B6C6A3D5231F70A00035FFB0 = {
			isa = PBXGroup;
			children = (
				B6C6A3E0231F70A00035FFB0 /* OpenGL ES 抖音部分滤镜 */,
				B6C6A3F5231F70A60035FFB0 /* OpenGL ES 抖音部分滤镜Tests */,
				B6C6A400231F70A60035FFB0 /* OpenGL ES 抖音部分滤镜UITests */,
				B6C6A3DF231F70A00035FFB0 /* Products */,
			);
			sourceTree = "<group>";
		};
		B6C6A3DF231F70A00035FFB0 /* Products */ = {
			isa = PBXGroup;
			children = (
				B6C6A3DE231F70A00035FFB0 /* OpenGL ES 抖音部分滤镜.app */,
				B6C6A3F2231F70A60035FFB0 /* OpenGL ES 抖音部分滤镜Tests.xctest */,
				B6C6A3FD231F70A60035FFB0 /* OpenGL ES 抖音部分滤镜UITests.xctest */,
			);
			name = Products;
			sourceTree = "<group>";
		};
		B6C6A3E0231F70A00035FFB0 /* OpenGL ES 抖音部分滤镜 */ = {
			isa = PBXGroup;
			children = (
				B6C6A42E231FBB140035FFB0 /* Glitch */,
				B6C6A429231FB8EB0035FFB0 /* ShakeWhite */,
				B6C6A424231FB38E0035FFB0 /* Shake */,
				B6C6A41F231FA8FC0035FFB0 /* SoulOut */,
				B6C6A41A231F71970035FFB0 /* Scale */,
				B6C6A415231F713E0035FFB0 /* Normal */,
				B6C6A3E1231F70A00035FFB0 /* AppDelegate.swift */,
				B6C6A3E3231F70A00035FFB0 /* ViewController.swift */,
				B6C6A3E5231F70A00035FFB0 /* Main.storyboard */,
				B6C6A3E8231F70A60035FFB0 /* Assets.xcassets */,
				B6C6A3EA231F70A60035FFB0 /* LaunchScreen.storyboard */,
				B6C6A3ED231F70A60035FFB0 /* Info.plist */,
				B6C6A40F231F70F70035FFB0 /* girl.jpg */,
				B6C6A411231F71140035FFB0 /* OMFilterView.swift */,
				B6C6A412231F71150035FFB0 /* OMView.swift */,
			);
			path = "OpenGL ES 抖音部分滤镜";
			sourceTree = "<group>";
		};
		B6C6A3F5231F70A60035FFB0 /* OpenGL ES 抖音部分滤镜Tests */ = {
			isa = PBXGroup;
			children = (
				B6C6A3F6231F70A60035FFB0 /* OpenGL_ES_______Tests.swift */,
				B6C6A3F8231F70A60035FFB0 /* Info.plist */,
			);
			path = "OpenGL ES 抖音部分滤镜Tests";
			sourceTree = "<group>";
		};
		B6C6A400231F70A60035FFB0 /* OpenGL ES 抖音部分滤镜UITests */ = {
			isa = PBXGroup;
			children = (
				B6C6A401231F70A60035FFB0 /* OpenGL_ES_______UITests.swift */,
				B6C6A403231F70A60035FFB0 /* Info.plist */,
			);
			path = "OpenGL ES 抖音部分滤镜UITests";
			sourceTree = "<group>";
		};
		B6C6A415231F713E0035FFB0 /* Normal */ = {
			isa = PBXGroup;
			children = (
				B6C6A416231F713F0035FFB0 /* FragmentShaderNormal.fsh */,
				B6C6A417231F713F0035FFB0 /* VertexShaderNormal.vsh */,
			);
			name = Normal;
			path = "../../OpenGL ES 常见滤镜/OpenGL ES 常见滤镜/Normal";
			sourceTree = "<group>";
		};
		B6C6A41A231F71970035FFB0 /* Scale */ = {
			isa = PBXGroup;
			children = (
				B6C6A41B231F71C00035FFB0 /* VertexShaderScale.vsh */,
				B6C6A41D231F71D50035FFB0 /* FragmentShaderScale.fsh */,
			);
			path = Scale;
			sourceTree = "<group>";
		};
		B6C6A41F231FA8FC0035FFB0 /* SoulOut */ = {
			isa = PBXGroup;
			children = (
				B6C6A420231FA9170035FFB0 /* VertexShaderSoulOut.vsh */,
				B6C6A422231FA92C0035FFB0 /* FragmentShaderSoulOut.fsh */,
			);
			path = SoulOut;
			sourceTree = "<group>";
		};
		B6C6A424231FB38E0035FFB0 /* Shake */ = {
			isa = PBXGroup;
			children = (
				B6C6A425231FB3AC0035FFB0 /* VertexShaderShake.vsh */,
				B6C6A427231FB3C10035FFB0 /* FragmentShaderShake.fsh */,
			);
			path = Shake;
			sourceTree = "<group>";
		};
		B6C6A429231FB8EB0035FFB0 /* ShakeWhite */ = {
			isa = PBXGroup;
			children = (
				B6C6A42A231FB90B0035FFB0 /* VertexShaderShakeWhite.vsh */,
				B6C6A42C231FB9250035FFB0 /* FragmentShaderShakeWhite.fsh */,
			);
			path = ShakeWhite;
			sourceTree = "<group>";
		};
		B6C6A42E231FBB140035FFB0 /* Glitch */ = {
			isa = PBXGroup;
			children = (
				B6C6A42F231FBB320035FFB0 /* VertexShaderGlitch.vsh */,
				B6C6A431231FBB510035FFB0 /* FragmentShaderGlitch.fsh */,
			);
			path = Glitch;
			sourceTree = "<group>";
		};
/* End PBXGroup section */

/* Begin PBXNativeTarget section */
		B6C6A3DD231F70A00035FFB0 /* OpenGL ES 抖音部分滤镜 */ = {
			isa = PBXNativeTarget;
			buildConfigurationList = B6C6A406231F70A60035FFB0 /* Build configuration list for PBXNativeTarget "OpenGL ES 抖音部分滤镜" */;
			buildPhases = (
				B6C6A3DA231F70A00035FFB0 /* Sources */,
				B6C6A3DB231F70A00035FFB0 /* Frameworks */,
				B6C6A3DC231F70A00035FFB0 /* Resources */,
			);
			buildRules = (
			);
			dependencies = (
			);
			name = "OpenGL ES 抖音部分滤镜";
			productName = "OpenGL ES 抖音部分滤镜";
			productReference = B6C6A3DE231F70A00035FFB0 /* OpenGL ES 抖音部分滤镜.app */;
			productType = "com.apple.product-type.application";
		};
		B6C6A3F1231F70A60035FFB0 /* OpenGL ES 抖音部分滤镜Tests */ = {
			isa = PBXNativeTarget;
			buildConfigurationList = B6C6A409231F70A60035FFB0 /* Build configuration list for PBXNativeTarget "OpenGL ES 抖音部分滤镜Tests" */;
			buildPhases = (
				B6C6A3EE231F70A60035FFB0 /* Sources */,
				B6C6A3EF231F70A60035FFB0 /* Frameworks */,
				B6C6A3F0231F70A60035FFB0 /* Resources */,
			);
			buildRules = (
			);
			dependencies = (
				B6C6A3F4231F70A60035FFB0 /* PBXTargetDependency */,
			);
			name = "OpenGL ES 抖音部分滤镜Tests";
			productName = "OpenGL ES 抖音部分滤镜Tests";
			productReference = B6C6A3F2231F70A60035FFB0 /* OpenGL ES 抖音部分滤镜Tests.xctest */;
			productType = "com.apple.product-type.bundle.unit-test";
		};
		B6C6A3FC231F70A60035FFB0 /* OpenGL ES 抖音部分滤镜UITests */ = {
			isa = PBXNativeTarget;
			buildConfigurationList = B6C6A40C231F70A60035FFB0 /* Build configuration list for PBXNativeTarget "OpenGL ES 抖音部分滤镜UITests" */;
			buildPhases = (
				B6C6A3F9231F70A60035FFB0 /* Sources */,
				B6C6A3FA231F70A60035FFB0 /* Frameworks */,
				B6C6A3FB231F70A60035FFB0 /* Resources */,
			);
			buildRules = (
			);
			dependencies = (
				B6C6A3FF231F70A60035FFB0 /* PBXTargetDependency */,
			);
			name = "OpenGL ES 抖音部分滤镜UITests";
			productName = "OpenGL ES 抖音部分滤镜UITests";
			productReference = B6C6A3FD231F70A60035FFB0 /* OpenGL ES 抖音部分滤镜UITests.xctest */;
			productType = "com.apple.product-type.bundle.ui-testing";
		};
/* End PBXNativeTarget section */

/* Begin PBXProject section */
		B6C6A3D6231F70A00035FFB0 /* Project object */ = {
			isa = PBXProject;
			attributes = {
				LastSwiftUpdateCheck = 1010;
				LastUpgradeCheck = 1010;
				ORGANIZATIONNAME = oymuzi;
				TargetAttributes = {
					B6C6A3DD231F70A00035FFB0 = {
						CreatedOnToolsVersion = 10.1;
					};
					B6C6A3F1231F70A60035FFB0 = {
						CreatedOnToolsVersion = 10.1;
						TestTargetID = B6C6A3DD231F70A00035FFB0;
					};
					B6C6A3FC231F70A60035FFB0 = {
						CreatedOnToolsVersion = 10.1;
						TestTargetID = B6C6A3DD231F70A00035FFB0;
					};
				};
			};
			buildConfigurationList = B6C6A3D9231F70A00035FFB0 /* Build configuration list for PBXProject "OpenGL ES 抖音部分滤镜" */;
			compatibilityVersion = "Xcode 9.3";
			developmentRegion = en;
			hasScannedForEncodings = 0;
			knownRegions = (
				en,
				Base,
			);
			mainGroup = B6C6A3D5231F70A00035FFB0;
			productRefGroup = B6C6A3DF231F70A00035FFB0 /* Products */;
			projectDirPath = "";
			projectRoot = "";
			targets = (
				B6C6A3DD231F70A00035FFB0 /* OpenGL ES 抖音部分滤镜 */,
				B6C6A3F1231F70A60035FFB0 /* OpenGL ES 抖音部分滤镜Tests */,
				B6C6A3FC231F70A60035FFB0 /* OpenGL ES 抖音部分滤镜UITests */,
			);
		};
/* End PBXProject section */

/* Begin PBXResourcesBuildPhase section */
		B6C6A3DC231F70A00035FFB0 /* Resources */ = {
			isa = PBXResourcesBuildPhase;
			buildActionMask = 2147483647;
			files = (
				B6C6A426231FB3AC0035FFB0 /* VertexShaderShake.vsh in Resources */,
				B6C6A3EC231F70A60035FFB0 /* LaunchScreen.storyboard in Resources */,
				B6C6A41E231F71D50035FFB0 /* FragmentShaderScale.fsh in Resources */,
				B6C6A42B231FB90C0035FFB0 /* VertexShaderShakeWhite.vsh in Resources */,
				B6C6A423231FA92C0035FFB0 /* FragmentShaderSoulOut.fsh in Resources */,
				B6C6A430231FBB320035FFB0 /* VertexShaderGlitch.vsh in Resources */,
				B6C6A419231F713F0035FFB0 /* VertexShaderNormal.vsh in Resources */,
				B6C6A428231FB3C10035FFB0 /* FragmentShaderShake.fsh in Resources */,
				B6C6A42D231FB9250035FFB0 /* FragmentShaderShakeWhite.fsh in Resources */,
				B6C6A421231FA9170035FFB0 /* VertexShaderSoulOut.vsh in Resources */,
				B6C6A410231F70F80035FFB0 /* girl.jpg in Resources */,
				B6C6A3E9231F70A60035FFB0 /* Assets.xcassets in Resources */,
				B6C6A418231F713F0035FFB0 /* FragmentShaderNormal.fsh in Resources */,
				B6C6A432231FBB520035FFB0 /* FragmentShaderGlitch.fsh in Resources */,
				B6C6A41C231F71C00035FFB0 /* VertexShaderScale.vsh in Resources */,
				B6C6A3E7231F70A00035FFB0 /* Main.storyboard in Resources */,
			);
			runOnlyForDeploymentPostprocessing = 0;
		};
		B6C6A3F0231F70A60035FFB0 /* Resources */ = {
			isa = PBXResourcesBuildPhase;
			buildActionMask = 2147483647;
			files = (
			);
			runOnlyForDeploymentPostprocessing = 0;
		};
		B6C6A3FB231F70A60035FFB0 /* Resources */ = {
			isa = PBXResourcesBuildPhase;
			buildActionMask = 2147483647;
			files = (
			);
			runOnlyForDeploymentPostprocessing = 0;
		};
/* End PBXResourcesBuildPhase section */

/* Begin PBXSourcesBuildPhase section */
		B6C6A3DA231F70A00035FFB0 /* Sources */ = {
			isa = PBXSourcesBuildPhase;
			buildActionMask = 2147483647;
			files = (
				B6C6A413231F71150035FFB0 /* OMFilterView.swift in Sources */,
				B6C6A3E4231F70A00035FFB0 /* ViewController.swift in Sources */,
				B6C6A414231F71150035FFB0 /* OMView.swift in Sources */,
				B6C6A3E2231F70A00035FFB0 /* AppDelegate.swift in Sources */,
			);
			runOnlyForDeploymentPostprocessing = 0;
		};
		B6C6A3EE231F70A60035FFB0 /* Sources */ = {
			isa = PBXSourcesBuildPhase;
			buildActionMask = 2147483647;
			files = (
				B6C6A3F7231F70A60035FFB0 /* OpenGL_ES_______Tests.swift in Sources */,
			);
			runOnlyForDeploymentPostprocessing = 0;
		};
		B6C6A3F9231F70A60035FFB0 /* Sources */ = {
			isa = PBXSourcesBuildPhase;
			buildActionMask = 2147483647;
			files = (
				B6C6A402231F70A60035FFB0 /* OpenGL_ES_______UITests.swift in Sources */,
			);
			runOnlyForDeploymentPostprocessing = 0;
		};
/* End PBXSourcesBuildPhase section */

/* Begin PBXTargetDependency section */
		B6C6A3F4231F70A60035FFB0 /* PBXTargetDependency */ = {
			isa = PBXTargetDependency;
			target = B6C6A3DD231F70A00035FFB0 /* OpenGL ES 抖音部分滤镜 */;
			targetProxy = B6C6A3F3231F70A60035FFB0 /* PBXContainerItemProxy */;
		};
		B6C6A3FF231F70A60035FFB0 /* PBXTargetDependency */ = {
			isa = PBXTargetDependency;
			target = B6C6A3DD231F70A00035FFB0 /* OpenGL ES 抖音部分滤镜 */;
			targetProxy = B6C6A3FE231F70A60035FFB0 /* PBXContainerItemProxy */;
		};
/* End PBXTargetDependency section */

/* Begin PBXVariantGroup section */
		B6C6A3E5231F70A00035FFB0 /* Main.storyboard */ = {
			isa = PBXVariantGroup;
			children = (
				B6C6A3E6231F70A00035FFB0 /* Base */,
			);
			name = Main.storyboard;
			sourceTree = "<group>";
		};
		B6C6A3EA231F70A60035FFB0 /* LaunchScreen.storyboard */ = {
			isa = PBXVariantGroup;
			children = (
				B6C6A3EB231F70A60035FFB0 /* Base */,
			);
			name = LaunchScreen.storyboard;
			sourceTree = "<group>";
		};
/* End PBXVariantGroup section */

/* Begin XCBuildConfiguration section */
		B6C6A404231F70A60035FFB0 /* Debug */ = {
			isa = XCBuildConfiguration;
			buildSettings = {
				ALWAYS_SEARCH_USER_PATHS = NO;
				CLANG_ANALYZER_NONNULL = YES;
				CLANG_ANALYZER_NUMBER_OBJECT_CONVERSION = YES_AGGRESSIVE;
				CLANG_CXX_LANGUAGE_STANDARD = "gnu++14";
				CLANG_CXX_LIBRARY = "libc++";
				CLANG_ENABLE_MODULES = YES;
				CLANG_ENABLE_OBJC_ARC = YES;
				CLANG_ENABLE_OBJC_WEAK = YES;
				CLANG_WARN_BLOCK_CAPTURE_AUTORELEASING = YES;
				CLANG_WARN_BOOL_CONVERSION = YES;
				CLANG_WARN_COMMA = YES;
				CLANG_WARN_CONSTANT_CONVERSION = YES;
				CLANG_WARN_DEPRECATED_OBJC_IMPLEMENTATIONS = YES;
				CLANG_WARN_DIRECT_OBJC_ISA_USAGE = YES_ERROR;
				CLANG_WARN_DOCUMENTATION_COMMENTS = YES;
				CLANG_WARN_EMPTY_BODY = YES;
				CLANG_WARN_ENUM_CONVERSION = YES;
				CLANG_WARN_INFINITE_RECURSION = YES;
				CLANG_WARN_INT_CONVERSION = YES;
				CLANG_WARN_NON_LITERAL_NULL_CONVERSION = YES;
				CLANG_WARN_OBJC_IMPLICIT_RETAIN_SELF = YES;
				CLANG_WARN_OBJC_LITERAL_CONVERSION = YES;
				CLANG_WARN_OBJC_ROOT_CLASS = YES_ERROR;
				CLANG_WARN_RANGE_LOOP_ANALYSIS = YES;
				CLANG_WARN_STRICT_PROTOTYPES = YES;
				CLANG_WARN_SUSPICIOUS_MOVE = YES;
				CLANG_WARN_UNGUARDED_AVAILABILITY = YES_AGGRESSIVE;
				CLANG_WARN_UNREACHABLE_CODE = YES;
				CLANG_WARN__DUPLICATE_METHOD_MATCH = YES;
				CODE_SIGN_IDENTITY = "iPhone Developer";
				COPY_PHASE_STRIP = NO;
				DEBUG_INFORMATION_FORMAT = dwarf;
				ENABLE_STRICT_OBJC_MSGSEND = YES;
				ENABLE_TESTABILITY = YES;
				GCC_C_LANGUAGE_STANDARD = gnu11;
				GCC_DYNAMIC_NO_PIC = NO;
				GCC_NO_COMMON_BLOCKS = YES;
				GCC_OPTIMIZATION_LEVEL = 0;
				GCC_PREPROCESSOR_DEFINITIONS = (
					"DEBUG=1",
					"$(inherited)",
				);
				GCC_WARN_64_TO_32_BIT_CONVERSION = YES;
				GCC_WARN_ABOUT_RETURN_TYPE = YES_ERROR;
				GCC_WARN_UNDECLARED_SELECTOR = YES;
				GCC_WARN_UNINITIALIZED_AUTOS = YES_AGGRESSIVE;
				GCC_WARN_UNUSED_FUNCTION = YES;
				GCC_WARN_UNUSED_VARIABLE = YES;
				IPHONEOS_DEPLOYMENT_TARGET = 12.1;
				MTL_ENABLE_DEBUG_INFO = INCLUDE_SOURCE;
				MTL_FAST_MATH = YES;
				ONLY_ACTIVE_ARCH = YES;
				SDKROOT = iphoneos;
				SWIFT_ACTIVE_COMPILATION_CONDITIONS = DEBUG;
				SWIFT_OPTIMIZATION_LEVEL = "-Onone";
			};
			name = Debug;
		};
		B6C6A405231F70A60035FFB0 /* Release */ = {
			isa = XCBuildConfiguration;
			buildSettings = {
				ALWAYS_SEARCH_USER_PATHS = NO;
				CLANG_ANALYZER_NONNULL = YES;
				CLANG_ANALYZER_NUMBER_OBJECT_CONVERSION = YES_AGGRESSIVE;
				CLANG_CXX_LANGUAGE_STANDARD = "gnu++14";
				CLANG_CXX_LIBRARY = "libc++";
				CLANG_ENABLE_MODULES = YES;
				CLANG_ENABLE_OBJC_ARC = YES;
				CLANG_ENABLE_OBJC_WEAK = YES;
				CLANG_WARN_BLOCK_CAPTURE_AUTORELEASING = YES;
				CLANG_WARN_BOOL_CONVERSION = YES;
				CLANG_WARN_COMMA = YES;
				CLANG_WARN_CONSTANT_CONVERSION = YES;
				CLANG_WARN_DEPRECATED_OBJC_IMPLEMENTATIONS = YES;
				CLANG_WARN_DIRECT_OBJC_ISA_USAGE = YES_ERROR;
				CLANG_WARN_DOCUMENTATION_COMMENTS = YES;
				CLANG_WARN_EMPTY_BODY = YES;
				CLANG_WARN_ENUM_CONVERSION = YES;
				CLANG_WARN_INFINITE_RECURSION = YES;
				CLANG_WARN_INT_CONVERSION = YES;
				CLANG_WARN_NON_LITERAL_NULL_CONVERSION = YES;
				CLANG_WARN_OBJC_IMPLICIT_RETAIN_SELF = YES;
				CLANG_WARN_OBJC_LITERAL_CONVERSION = YES;
				CLANG_WARN_OBJC_ROOT_CLASS = YES_ERROR;
				CLANG_WARN_RANGE_LOOP_ANALYSIS = YES;
				CLANG_WARN_STRICT_PROTOTYPES = YES;
				CLANG_WARN_SUSPICIOUS_MOVE = YES;
				CLANG_WARN_UNGUARDED_AVAILABILITY = YES_AGGRESSIVE;
				CLANG_WARN_UNREACHABLE_CODE = YES;
				CLANG_WARN__DUPLICATE_METHOD_MATCH = YES;
				CODE_SIGN_IDENTITY = "iPhone Developer";
				COPY_PHASE_STRIP = NO;
				DEBUG_INFORMATION_FORMAT = "dwarf-with-dsym";
				ENABLE_NS_ASSERTIONS = NO;
				ENABLE_STRICT_OBJC_MSGSEND = YES;
				GCC_C_LANGUAGE_STANDARD = gnu11;
				GCC_NO_COMMON_BLOCKS = YES;
				GCC_WARN_64_TO_32_BIT_CONVERSION = YES;
				GCC_WARN_ABOUT_RETURN_TYPE = YES_ERROR;
				GCC_WARN_UNDECLARED_SELECTOR = YES;
				GCC_WARN_UNINITIALIZED_AUTOS = YES_AGGRESSIVE;
				GCC_WARN_UNUSED_FUNCTION = YES;
				GCC_WARN_UNUSED_VARIABLE = YES;
				IPHONEOS_DEPLOYMENT_TARGET = 12.1;
				MTL_ENABLE_DEBUG_INFO = NO;
				MTL_FAST_MATH = YES;
				SDKROOT = iphoneos;
				SWIFT_COMPILATION_MODE = wholemodule;
				SWIFT_OPTIMIZATION_LEVEL = "-O";
				VALIDATE_PRODUCT = YES;
			};
			name = Release;
		};
		B6C6A407231F70A60035FFB0 /* Debug */ = {
			isa = XCBuildConfiguration;
			buildSettings = {
				ASSETCATALOG_COMPILER_APPICON_NAME = AppIcon;
				CODE_SIGN_STYLE = Automatic;
				DEVELOPMENT_TEAM = 24XGJH48UL;
				INFOPLIST_FILE = "OpenGL ES 抖音部分滤镜/Info.plist";
				IPHONEOS_DEPLOYMENT_TARGET = 9.0;
				LD_RUNPATH_SEARCH_PATHS = (
					"$(inherited)",
					"@executable_path/Frameworks",
				);
				PRODUCT_BUNDLE_IDENTIFIER = "cn.oymuzi.OpenGL-ES-------";
				PRODUCT_NAME = "$(TARGET_NAME)";
				SWIFT_VERSION = 4.2;
				TARGETED_DEVICE_FAMILY = "1,2";
			};
			name = Debug;
		};
		B6C6A408231F70A60035FFB0 /* Release */ = {
			isa = XCBuildConfiguration;
			buildSettings = {
				ASSETCATALOG_COMPILER_APPICON_NAME = AppIcon;
				CODE_SIGN_STYLE = Automatic;
				DEVELOPMENT_TEAM = 24XGJH48UL;
				INFOPLIST_FILE = "OpenGL ES 抖音部分滤镜/Info.plist";
				IPHONEOS_DEPLOYMENT_TARGET = 9.0;
				LD_RUNPATH_SEARCH_PATHS = (
					"$(inherited)",
					"@executable_path/Frameworks",
				);
				PRODUCT_BUNDLE_IDENTIFIER = "cn.oymuzi.OpenGL-ES-------";
				PRODUCT_NAME = "$(TARGET_NAME)";
				SWIFT_VERSION = 4.2;
				TARGETED_DEVICE_FAMILY = "1,2";
			};
			name = Release;
		};
		B6C6A40A231F70A60035FFB0 /* Debug */ = {
			isa = XCBuildConfiguration;
			buildSettings = {
				ALWAYS_EMBED_SWIFT_STANDARD_LIBRARIES = YES;
				BUNDLE_LOADER = "$(TEST_HOST)";
				CODE_SIGN_STYLE = Automatic;
				DEVELOPMENT_TEAM = 24XGJH48UL;
				INFOPLIST_FILE = "OpenGL ES 抖音部分滤镜Tests/Info.plist";
				LD_RUNPATH_SEARCH_PATHS = (
					"$(inherited)",
					"@executable_path/Frameworks",
					"@loader_path/Frameworks",
				);
				PRODUCT_BUNDLE_IDENTIFIER = "cn.oymuzi.OpenGL-ES-------Tests";
				PRODUCT_NAME = "$(TARGET_NAME)";
				SWIFT_VERSION = 4.2;
				TARGETED_DEVICE_FAMILY = "1,2";
				TEST_HOST = "$(BUILT_PRODUCTS_DIR)/OpenGL ES 抖音部分滤镜.app/OpenGL ES 抖音部分滤镜";
			};
			name = Debug;
		};
		B6C6A40B231F70A60035FFB0 /* Release */ = {
			isa = XCBuildConfiguration;
			buildSettings = {
				ALWAYS_EMBED_SWIFT_STANDARD_LIBRARIES = YES;
				BUNDLE_LOADER = "$(TEST_HOST)";
				CODE_SIGN_STYLE = Automatic;
				DEVELOPMENT_TEAM = 24XGJH48UL;
				INFOPLIST_FILE = "OpenGL ES 抖音部分滤镜Tests/Info.plist";
				LD_RUNPATH_SEARCH_PATHS = (
					"$(inherited)",
					"@executable_path/Frameworks",
					"@loader_path/Frameworks",
				);
				PRODUCT_BUNDLE_IDENTIFIER = "cn.oymuzi.OpenGL-ES-------Tests";
				PRODUCT_NAME = "$(TARGET_NAME)";
				SWIFT_VERSION = 4.2;
				TARGETED_DEVICE_FAMILY = "1,2";
				TEST_HOST = "$(BUILT_PRODUCTS_DIR)/OpenGL ES 抖音部分滤镜.app/OpenGL ES 抖音部分滤镜";
			};
			name = Release;
		};
		B6C6A40D231F70A60035FFB0 /* Debug */ = {
			isa = XCBuildConfiguration;
			buildSettings = {
				ALWAYS_EMBED_SWIFT_STANDARD_LIBRARIES = YES;
				CODE_SIGN_STYLE = Automatic;
				DEVELOPMENT_TEAM = 24XGJH48UL;
				INFOPLIST_FILE = "OpenGL ES 抖音部分滤镜UITests/Info.plist";
				LD_RUNPATH_SEARCH_PATHS = (
					"$(inherited)",
					"@executable_path/Frameworks",
					"@loader_path/Frameworks",
				);
				PRODUCT_BUNDLE_IDENTIFIER = "cn.oymuzi.OpenGL-ES-------UITests";
				PRODUCT_NAME = "$(TARGET_NAME)";
				SWIFT_VERSION = 4.2;
				TARGETED_DEVICE_FAMILY = "1,2";
				TEST_TARGET_NAME = "OpenGL ES 抖音部分滤镜";
			};
			name = Debug;
		};
		B6C6A40E231F70A60035FFB0 /* Release */ = {
			isa = XCBuildConfiguration;
			buildSettings = {
				ALWAYS_EMBED_SWIFT_STANDARD_LIBRARIES = YES;
				CODE_SIGN_STYLE = Automatic;
				DEVELOPMENT_TEAM = 24XGJH48UL;
				INFOPLIST_FILE = "OpenGL ES 抖音部分滤镜UITests/Info.plist";
				LD_RUNPATH_SEARCH_PATHS = (
					"$(inherited)",
					"@executable_path/Frameworks",
					"@loader_path/Frameworks",
				);
				PRODUCT_BUNDLE_IDENTIFIER = "cn.oymuzi.OpenGL-ES-------UITests";
				PRODUCT_NAME = "$(TARGET_NAME)";
				SWIFT_VERSION = 4.2;
				TARGETED_DEVICE_FAMILY = "1,2";
				TEST_TARGET_NAME = "OpenGL ES 抖音部分滤镜";
			};
			name = Release;
		};
/* End XCBuildConfiguration section */

/* Begin XCConfigurationList section */
		B6C6A3D9231F70A00035FFB0 /* Build configuration list for PBXProject "OpenGL ES 抖音部分滤镜" */ = {
			isa = XCConfigurationList;
			buildConfigurations = (
				B6C6A404231F70A60035FFB0 /* Debug */,
				B6C6A405231F70A60035FFB0 /* Release */,
			);
			defaultConfigurationIsVisible = 0;
			defaultConfigurationName = Release;
		};
		B6C6A406231F70A60035FFB0 /* Build configuration list for PBXNativeTarget "OpenGL ES 抖音部分滤镜" */ = {
			isa = XCConfigurationList;
			buildConfigurations = (
				B6C6A407231F70A60035FFB0 /* Debug */,
				B6C6A408231F70A60035FFB0 /* Release */,
			);
			defaultConfigurationIsVisible = 0;
			defaultConfigurationName = Release;
		};
		B6C6A409231F70A60035FFB0 /* Build configuration list for PBXNativeTarget "OpenGL ES 抖音部分滤镜Tests" */ = {
			isa = XCConfigurationList;
			buildConfigurations = (
				B6C6A40A231F70A60035FFB0 /* Debug */,
				B6C6A40B231F70A60035FFB0 /* Release */,
			);
			defaultConfigurationIsVisible = 0;
			defaultConfigurationName = Release;
		};
		B6C6A40C231F70A60035FFB0 /* Build configuration list for PBXNativeTarget "OpenGL ES 抖音部分滤镜UITests" */ = {
			isa = XCConfigurationList;
			buildConfigurations = (
				B6C6A40D231F70A60035FFB0 /* Debug */,
				B6C6A40E231F70A60035FFB0 /* Release */,
			);
			defaultConfigurationIsVisible = 0;
			defaultConfigurationName = Release;
		};
/* End XCConfigurationList section */
	};
	rootObject = B6C6A3D6231F70A00035FFB0 /* Project object */;
}
