// !$*UTF8*$!
{
	archiveVersion = 1;
	classes = {
	};
	objectVersion = 50;
	objects = {

/* Begin PBXBuildFile section */
		B642511222C7656800BB5965 /* AppDelegate.swift in Sources */ = {isa = PBXBuildFile; fileRef = B642511122C7656800BB5965 /* AppDelegate.swift */; };
		B642511422C7656800BB5965 /* ViewController.swift in Sources */ = {isa = PBXBuildFile; fileRef = B642511322C7656800BB5965 /* ViewController.swift */; };
		B642511722C7656800BB5965 /* Main.storyboard in Resources */ = {isa = PBXBuildFile; fileRef = B642511522C7656800BB5965 /* Main.storyboard */; };
		B642511922C7657B00BB5965 /* Assets.xcassets in Resources */ = {isa = PBXBuildFile; fileRef = B642511822C7657B00BB5965 /* Assets.xcassets */; };
		B642511C22C7657B00BB5965 /* LaunchScreen.storyboard in Resources */ = {isa = PBXBuildFile; fileRef = B642511A22C7657B00BB5965 /* LaunchScreen.storyboard */; };
		B642512722C7657C00BB5965 /* OpenGL_ES_____Tests.swift in Sources */ = {isa = PBXBuildFile; fileRef = B642512622C7657C00BB5965 /* OpenGL_ES_____Tests.swift */; };
		B642513222C7657C00BB5965 /* OpenGL_ES_____UITests.swift in Sources */ = {isa = PBXBuildFile; fileRef = B642513122C7657C00BB5965 /* OpenGL_ES_____UITests.swift */; };
		B642514122C765EF00BB5965 /* VertexShaderBlackWhite.vsh in Resources */ = {isa = PBXBuildFile; fileRef = B642514022C765EF00BB5965 /* VertexShaderBlackWhite.vsh */; };
		B642514522C7664E00BB5965 /* FragmentShaderBlackWhite.fsh in Resources */ = {isa = PBXBuildFile; fileRef = B642514422C7664E00BB5965 /* FragmentShaderBlackWhite.fsh */; };
		B642514722C7669100BB5965 /* OMView.swift in Sources */ = {isa = PBXBuildFile; fileRef = B642514622C7669100BB5965 /* OMView.swift */; };
		B642514922C766AE00BB5965 /* OMFilterView.swift in Sources */ = {isa = PBXBuildFile; fileRef = B642514822C766AE00BB5965 /* OMFilterView.swift */; };
		B642514E22C76D8B00BB5965 /* VertexShaderNormal.vsh in Resources */ = {isa = PBXBuildFile; fileRef = B642514D22C76D8B00BB5965 /* VertexShaderNormal.vsh */; };
		B642515022C76D9A00BB5965 /* FragmentShaderNormal.fsh in Resources */ = {isa = PBXBuildFile; fileRef = B642514F22C76D9A00BB5965 /* FragmentShaderNormal.fsh */; };
		B642515322C8909000BB5965 /* VertexShaderReverse.vsh in Resources */ = {isa = PBXBuildFile; fileRef = B642515222C8909000BB5965 /* VertexShaderReverse.vsh */; };
		B642515522C890A100BB5965 /* FragmentShaderReverse.fsh in Resources */ = {isa = PBXBuildFile; fileRef = B642515422C890A100BB5965 /* FragmentShaderReverse.fsh */; };
		B642515822C8923000BB5965 /* VertexShaderVotex.vsh in Resources */ = {isa = PBXBuildFile; fileRef = B642515722C8923000BB5965 /* VertexShaderVotex.vsh */; };
		B642515A22C8923D00BB5965 /* FragmentShaderVotex.fsh in Resources */ = {isa = PBXBuildFile; fileRef = B642515922C8923D00BB5965 /* FragmentShaderVotex.fsh */; };
		B642515D22C8B2D100BB5965 /* VertexShaderMosaic.vsh in Resources */ = {isa = PBXBuildFile; fileRef = B642515C22C8B2D100BB5965 /* VertexShaderMosaic.vsh */; };
		B642515F22C8B2E400BB5965 /* FragmentShaderMosaic.fsh in Resources */ = {isa = PBXBuildFile; fileRef = B642515E22C8B2E400BB5965 /* FragmentShaderMosaic.fsh */; };
		B642516222C8BBE700BB5965 /* VertexShaderMosaic2.vsh in Resources */ = {isa = PBXBuildFile; fileRef = B642516122C8BBE700BB5965 /* VertexShaderMosaic2.vsh */; };
		B642516422C8BC0500BB5965 /* FragmentShaderMosaic2.fsh in Resources */ = {isa = PBXBuildFile; fileRef = B642516322C8BC0500BB5965 /* FragmentShaderMosaic2.fsh */; };
		B651AE1822CB8D1500D0CE43 /* VertexShaderMosaic3.vsh in Resources */ = {isa = PBXBuildFile; fileRef = B651AE1722CB8D1500D0CE43 /* VertexShaderMosaic3.vsh */; };
		B651AE1A22CB8D2300D0CE43 /* FragmentShaderMosaic3.fsh in Resources */ = {isa = PBXBuildFile; fileRef = B651AE1922CB8D2300D0CE43 /* FragmentShaderMosaic3.fsh */; };
		B6C6A3D4231E4CD80035FFB0 /* girl.jpg in Resources */ = {isa = PBXBuildFile; fileRef = B6C6A3D3231E4CD80035FFB0 /* girl.jpg */; };
/* End PBXBuildFile section */

/* Begin PBXContainerItemProxy section */
		B642512322C7657C00BB5965 /* PBXContainerItemProxy */ = {
			isa = PBXContainerItemProxy;
			containerPortal = B642510622C7656800BB5965 /* Project object */;
			proxyType = 1;
			remoteGlobalIDString = B642510D22C7656800BB5965;
			remoteInfo = "OpenGL ES 常见滤镜";
		};
		B642512E22C7657C00BB5965 /* PBXContainerItemProxy */ = {
			isa = PBXContainerItemProxy;
			containerPortal = B642510622C7656800BB5965 /* Project object */;
			proxyType = 1;
			remoteGlobalIDString = B642510D22C7656800BB5965;
			remoteInfo = "OpenGL ES 常见滤镜";
		};
/* End PBXContainerItemProxy section */

/* Begin PBXFileReference section */
		B642510E22C7656800BB5965 /* OpenGL ES 常见滤镜.app */ = {isa = PBXFileReference; explicitFileType = wrapper.application; includeInIndex = 0; path = "OpenGL ES 常见滤镜.app"; sourceTree = BUILT_PRODUCTS_DIR; };
		B642511122C7656800BB5965 /* AppDelegate.swift */ = {isa = PBXFileReference; lastKnownFileType = sourcecode.swift; path = AppDelegate.swift; sourceTree = "<group>"; };
		B642511322C7656800BB5965 /* ViewController.swift */ = {isa = PBXFileReference; lastKnownFileType = sourcecode.swift; path = ViewController.swift; sourceTree = "<group>"; };
		B642511622C7656800BB5965 /* Base */ = {isa = PBXFileReference; lastKnownFileType = file.storyboard; name = Base; path = Base.lproj/Main.storyboard; sourceTree = "<group>"; };
		B642511822C7657B00BB5965 /* Assets.xcassets */ = {isa = PBXFileReference; lastKnownFileType = folder.assetcatalog; path = Assets.xcassets; sourceTree = "<group>"; };
		B642511B22C7657B00BB5965 /* Base */ = {isa = PBXFileReference; lastKnownFileType = file.storyboard; name = Base; path = Base.lproj/LaunchScreen.storyboard; sourceTree = "<group>"; };
		B642511D22C7657B00BB5965 /* Info.plist */ = {isa = PBXFileReference; lastKnownFileType = text.plist.xml; path = Info.plist; sourceTree = "<group>"; };
		B642512222C7657C00BB5965 /* OpenGL ES 常见滤镜Tests.xctest */ = {isa = PBXFileReference; explicitFileType = wrapper.cfbundle; includeInIndex = 0; path = "OpenGL ES 常见滤镜Tests.xctest"; sourceTree = BUILT_PRODUCTS_DIR; };
		B642512622C7657C00BB5965 /* OpenGL_ES_____Tests.swift */ = {isa = PBXFileReference; lastKnownFileType = sourcecode.swift; path = "OpenGL_ES_____Tests.swift"; sourceTree = "<group>"; };
		B642512822C7657C00BB5965 /* Info.plist */ = {isa = PBXFileReference; lastKnownFileType = text.plist.xml; path = Info.plist; sourceTree = "<group>"; };
		B642512D22C7657C00BB5965 /* OpenGL ES 常见滤镜UITests.xctest */ = {isa = PBXFileReference; explicitFileType = wrapper.cfbundle; includeInIndex = 0; path = "OpenGL ES 常见滤镜UITests.xctest"; sourceTree = BUILT_PRODUCTS_DIR; };
		B642513122C7657C00BB5965 /* OpenGL_ES_____UITests.swift */ = {isa = PBXFileReference; lastKnownFileType = sourcecode.swift; path = "OpenGL_ES_____UITests.swift"; sourceTree = "<group>"; };
		B642513322C7657C00BB5965 /* Info.plist */ = {isa = PBXFileReference; lastKnownFileType = text.plist.xml; path = Info.plist; sourceTree = "<group>"; };
		B642514022C765EF00BB5965 /* VertexShaderBlackWhite.vsh */ = {isa = PBXFileReference; lastKnownFileType = sourcecode.glsl; path = VertexShaderBlackWhite.vsh; sourceTree = "<group>"; };
		B642514422C7664E00BB5965 /* FragmentShaderBlackWhite.fsh */ = {isa = PBXFileReference; lastKnownFileType = sourcecode.glsl; path = FragmentShaderBlackWhite.fsh; sourceTree = "<group>"; };
		B642514622C7669100BB5965 /* OMView.swift */ = {isa = PBXFileReference; lastKnownFileType = sourcecode.swift; path = OMView.swift; sourceTree = "<group>"; };
		B642514822C766AE00BB5965 /* OMFilterView.swift */ = {isa = PBXFileReference; lastKnownFileType = sourcecode.swift; path = OMFilterView.swift; sourceTree = "<group>"; };
		B642514D22C76D8B00BB5965 /* VertexShaderNormal.vsh */ = {isa = PBXFileReference; lastKnownFileType = sourcecode.glsl; path = VertexShaderNormal.vsh; sourceTree = "<group>"; };
		B642514F22C76D9A00BB5965 /* FragmentShaderNormal.fsh */ = {isa = PBXFileReference; lastKnownFileType = sourcecode.glsl; path = FragmentShaderNormal.fsh; sourceTree = "<group>"; };
		B642515222C8909000BB5965 /* VertexShaderReverse.vsh */ = {isa = PBXFileReference; lastKnownFileType = sourcecode.glsl; path = VertexShaderReverse.vsh; sourceTree = "<group>"; };
		B642515422C890A100BB5965 /* FragmentShaderReverse.fsh */ = {isa = PBXFileReference; lastKnownFileType = sourcecode.glsl; path = FragmentShaderReverse.fsh; sourceTree = "<group>"; };
		B642515722C8923000BB5965 /* VertexShaderVotex.vsh */ = {isa = PBXFileReference; lastKnownFileType = sourcecode.glsl; path = VertexShaderVotex.vsh; sourceTree = "<group>"; };
		B642515922C8923D00BB5965 /* FragmentShaderVotex.fsh */ = {isa = PBXFileReference; lastKnownFileType = sourcecode.glsl; path = FragmentShaderVotex.fsh; sourceTree = "<group>"; };
		B642515C22C8B2D100BB5965 /* VertexShaderMosaic.vsh */ = {isa = PBXFileReference; lastKnownFileType = sourcecode.glsl; path = VertexShaderMosaic.vsh; sourceTree = "<group>"; };
		B642515E22C8B2E400BB5965 /* FragmentShaderMosaic.fsh */ = {isa = PBXFileReference; lastKnownFileType = sourcecode.glsl; path = FragmentShaderMosaic.fsh; sourceTree = "<group>"; };
		B642516122C8BBE700BB5965 /* VertexShaderMosaic2.vsh */ = {isa = PBXFileReference; lastKnownFileType = sourcecode.glsl; path = VertexShaderMosaic2.vsh; sourceTree = "<group>"; };
		B642516322C8BC0500BB5965 /* FragmentShaderMosaic2.fsh */ = {isa = PBXFileReference; lastKnownFileType = sourcecode.glsl; path = FragmentShaderMosaic2.fsh; sourceTree = "<group>"; };
		B651AE1722CB8D1500D0CE43 /* VertexShaderMosaic3.vsh */ = {isa = PBXFileReference; lastKnownFileType = sourcecode.glsl; path = VertexShaderMosaic3.vsh; sourceTree = "<group>"; };
		B651AE1922CB8D2300D0CE43 /* FragmentShaderMosaic3.fsh */ = {isa = PBXFileReference; lastKnownFileType = sourcecode.glsl; path = FragmentShaderMosaic3.fsh; sourceTree = "<group>"; };
		B6C6A3D3231E4CD80035FFB0 /* girl.jpg */ = {isa = PBXFileReference; lastKnownFileType = image.jpeg; path = girl.jpg; sourceTree = "<group>"; };
/* End PBXFileReference section */

/* Begin PBXFrameworksBuildPhase section */
		B642510B22C7656800BB5965 /* Frameworks */ = {
			isa = PBXFrameworksBuildPhase;
			buildActionMask = 2147483647;
			files = (
			);
			runOnlyForDeploymentPostprocessing = 0;
		};
		B642511F22C7657C00BB5965 /* Frameworks */ = {
			isa = PBXFrameworksBuildPhase;
			buildActionMask = 2147483647;
			files = (
			);
			runOnlyForDeploymentPostprocessing = 0;
		};
		B642512A22C7657C00BB5965 /* Frameworks */ = {
			isa = PBXFrameworksBuildPhase;
			buildActionMask = 2147483647;
			files = (
			);
			runOnlyForDeploymentPostprocessing = 0;
		};
/* End PBXFrameworksBuildPhase section */

/* Begin PBXGroup section */
		B642510522C7656800BB5965 = {
			isa = PBXGroup;
			children = (
				B642511022C7656800BB5965 /* OpenGL ES 常见滤镜 */,
				B642512522C7657C00BB5965 /* OpenGL ES 常见滤镜Tests */,
				B642513022C7657C00BB5965 /* OpenGL ES 常见滤镜UITests */,
				B642510F22C7656800BB5965 /* Products */,
			);
			sourceTree = "<group>";
		};
		B642510F22C7656800BB5965 /* Products */ = {
			isa = PBXGroup;
			children = (
				B642510E22C7656800BB5965 /* OpenGL ES 常见滤镜.app */,
				B642512222C7657C00BB5965 /* OpenGL ES 常见滤镜Tests.xctest */,
				B642512D22C7657C00BB5965 /* OpenGL ES 常见滤镜UITests.xctest */,
			);
			name = Products;
			sourceTree = "<group>";
		};
		B642511022C7656800BB5965 /* OpenGL ES 常见滤镜 */ = {
			isa = PBXGroup;
			children = (
				B651AE1622CB8CF300D0CE43 /* Mosaic3 */,
				B642516022C8BBCA00BB5965 /* Mosaic2 */,
				B642515B22C8B2B800BB5965 /* Mosaic */,
				B642515622C8920D00BB5965 /* Vortex */,
				B642515122C8907900BB5965 /* Reverse */,
				B642514C22C76D7000BB5965 /* Normal */,
				B642513F22C7659200BB5965 /* BlackWhite */,
				B642511122C7656800BB5965 /* AppDelegate.swift */,
				B642511322C7656800BB5965 /* ViewController.swift */,
				B6C6A3D3231E4CD80035FFB0 /* girl.jpg */,
				B642511522C7656800BB5965 /* Main.storyboard */,
				B642511822C7657B00BB5965 /* Assets.xcassets */,
				B642511A22C7657B00BB5965 /* LaunchScreen.storyboard */,
				B642511D22C7657B00BB5965 /* Info.plist */,
				B642514622C7669100BB5965 /* OMView.swift */,
				B642514822C766AE00BB5965 /* OMFilterView.swift */,
			);
			path = "OpenGL ES 常见滤镜";
			sourceTree = "<group>";
		};
		B642512522C7657C00BB5965 /* OpenGL ES 常见滤镜Tests */ = {
			isa = PBXGroup;
			children = (
				B642512622C7657C00BB5965 /* OpenGL_ES_____Tests.swift */,
				B642512822C7657C00BB5965 /* Info.plist */,
			);
			path = "OpenGL ES 常见滤镜Tests";
			sourceTree = "<group>";
		};
		B642513022C7657C00BB5965 /* OpenGL ES 常见滤镜UITests */ = {
			isa = PBXGroup;
			children = (
				B642513122C7657C00BB5965 /* OpenGL_ES_____UITests.swift */,
				B642513322C7657C00BB5965 /* Info.plist */,
			);
			path = "OpenGL ES 常见滤镜UITests";
			sourceTree = "<group>";
		};
		B642513F22C7659200BB5965 /* BlackWhite */ = {
			isa = PBXGroup;
			children = (
				B642514022C765EF00BB5965 /* VertexShaderBlackWhite.vsh */,
				B642514422C7664E00BB5965 /* FragmentShaderBlackWhite.fsh */,
			);
			path = BlackWhite;
			sourceTree = "<group>";
		};
		B642514C22C76D7000BB5965 /* Normal */ = {
			isa = PBXGroup;
			children = (
				B642514D22C76D8B00BB5965 /* VertexShaderNormal.vsh */,
				B642514F22C76D9A00BB5965 /* FragmentShaderNormal.fsh */,
			);
			path = Normal;
			sourceTree = "<group>";
		};
		B642515122C8907900BB5965 /* Reverse */ = {
			isa = PBXGroup;
			children = (
				B642515222C8909000BB5965 /* VertexShaderReverse.vsh */,
				B642515422C890A100BB5965 /* FragmentShaderReverse.fsh */,
			);
			path = Reverse;
			sourceTree = "<group>";
		};
		B642515622C8920D00BB5965 /* Vortex */ = {
			isa = PBXGroup;
			children = (
				B642515722C8923000BB5965 /* VertexShaderVotex.vsh */,
				B642515922C8923D00BB5965 /* FragmentShaderVotex.fsh */,
			);
			path = Vortex;
			sourceTree = "<group>";
		};
		B642515B22C8B2B800BB5965 /* Mosaic */ = {
			isa = PBXGroup;
			children = (
				B642515C22C8B2D100BB5965 /* VertexShaderMosaic.vsh */,
				B642515E22C8B2E400BB5965 /* FragmentShaderMosaic.fsh */,
			);
			path = Mosaic;
			sourceTree = "<group>";
		};
		B642516022C8BBCA00BB5965 /* Mosaic2 */ = {
			isa = PBXGroup;
			children = (
				B642516122C8BBE700BB5965 /* VertexShaderMosaic2.vsh */,
				B642516322C8BC0500BB5965 /* FragmentShaderMosaic2.fsh */,
			);
			path = Mosaic2;
			sourceTree = "<group>";
		};
		B651AE1622CB8CF300D0CE43 /* Mosaic3 */ = {
			isa = PBXGroup;
			children = (
				B651AE1722CB8D1500D0CE43 /* VertexShaderMosaic3.vsh */,
				B651AE1922CB8D2300D0CE43 /* FragmentShaderMosaic3.fsh */,
			);
			path = Mosaic3;
			sourceTree = "<group>";
		};
/* End PBXGroup section */

/* Begin PBXNativeTarget section */
		B642510D22C7656800BB5965 /* OpenGL ES 常见滤镜 */ = {
			isa = PBXNativeTarget;
			buildConfigurationList = B642513622C7657C00BB5965 /* Build configuration list for PBXNativeTarget "OpenGL ES 常见滤镜" */;
			buildPhases = (
				B642510A22C7656800BB5965 /* Sources */,
				B642510B22C7656800BB5965 /* Frameworks */,
				B642510C22C7656800BB5965 /* Resources */,
			);
			buildRules = (
			);
			dependencies = (
			);
			name = "OpenGL ES 常见滤镜";
			productName = "OpenGL ES 常见滤镜";
			productReference = B642510E22C7656800BB5965 /* OpenGL ES 常见滤镜.app */;
			productType = "com.apple.product-type.application";
		};
		B642512122C7657C00BB5965 /* OpenGL ES 常见滤镜Tests */ = {
			isa = PBXNativeTarget;
			buildConfigurationList = B642513922C7657C00BB5965 /* Build configuration list for PBXNativeTarget "OpenGL ES 常见滤镜Tests" */;
			buildPhases = (
				B642511E22C7657C00BB5965 /* Sources */,
				B642511F22C7657C00BB5965 /* Frameworks */,
				B642512022C7657C00BB5965 /* Resources */,
			);
			buildRules = (
			);
			dependencies = (
				B642512422C7657C00BB5965 /* PBXTargetDependency */,
			);
			name = "OpenGL ES 常见滤镜Tests";
			productName = "OpenGL ES 常见滤镜Tests";
			productReference = B642512222C7657C00BB5965 /* OpenGL ES 常见滤镜Tests.xctest */;
			productType = "com.apple.product-type.bundle.unit-test";
		};
		B642512C22C7657C00BB5965 /* OpenGL ES 常见滤镜UITests */ = {
			isa = PBXNativeTarget;
			buildConfigurationList = B642513C22C7657C00BB5965 /* Build configuration list for PBXNativeTarget "OpenGL ES 常见滤镜UITests" */;
			buildPhases = (
				B642512922C7657C00BB5965 /* Sources */,
				B642512A22C7657C00BB5965 /* Frameworks */,
				B642512B22C7657C00BB5965 /* Resources */,
			);
			buildRules = (
			);
			dependencies = (
				B642512F22C7657C00BB5965 /* PBXTargetDependency */,
			);
			name = "OpenGL ES 常见滤镜UITests";
			productName = "OpenGL ES 常见滤镜UITests";
			productReference = B642512D22C7657C00BB5965 /* OpenGL ES 常见滤镜UITests.xctest */;
			productType = "com.apple.product-type.bundle.ui-testing";
		};
/* End PBXNativeTarget section */

/* Begin PBXProject section */
		B642510622C7656800BB5965 /* Project object */ = {
			isa = PBXProject;
			attributes = {
				LastSwiftUpdateCheck = 1010;
				LastUpgradeCheck = 1010;
				ORGANIZATIONNAME = "欧阳林";
				TargetAttributes = {
					B642510D22C7656800BB5965 = {
						CreatedOnToolsVersion = 10.1;
					};
					B642512122C7657C00BB5965 = {
						CreatedOnToolsVersion = 10.1;
						TestTargetID = B642510D22C7656800BB5965;
					};
					B642512C22C7657C00BB5965 = {
						CreatedOnToolsVersion = 10.1;
						TestTargetID = B642510D22C7656800BB5965;
					};
				};
			};
			buildConfigurationList = B642510922C7656800BB5965 /* Build configuration list for PBXProject "OpenGL ES 常见滤镜" */;
			compatibilityVersion = "Xcode 9.3";
			developmentRegion = en;
			hasScannedForEncodings = 0;
			knownRegions = (
				en,
				Base,
			);
			mainGroup = B642510522C7656800BB5965;
			productRefGroup = B642510F22C7656800BB5965 /* Products */;
			projectDirPath = "";
			projectRoot = "";
			targets = (
				B642510D22C7656800BB5965 /* OpenGL ES 常见滤镜 */,
				B642512122C7657C00BB5965 /* OpenGL ES 常见滤镜Tests */,
				B642512C22C7657C00BB5965 /* OpenGL ES 常见滤镜UITests */,
			);
		};
/* End PBXProject section */

/* Begin PBXResourcesBuildPhase section */
		B642510C22C7656800BB5965 /* Resources */ = {
			isa = PBXResourcesBuildPhase;
			buildActionMask = 2147483647;
			files = (
				B642514522C7664E00BB5965 /* FragmentShaderBlackWhite.fsh in Resources */,
				B642516422C8BC0500BB5965 /* FragmentShaderMosaic2.fsh in Resources */,
				B642515322C8909000BB5965 /* VertexShaderReverse.vsh in Resources */,
				B642515F22C8B2E400BB5965 /* FragmentShaderMosaic.fsh in Resources */,
				B642515D22C8B2D100BB5965 /* VertexShaderMosaic.vsh in Resources */,
				B642515822C8923000BB5965 /* VertexShaderVotex.vsh in Resources */,
				B651AE1A22CB8D2300D0CE43 /* FragmentShaderMosaic3.fsh in Resources */,
				B6C6A3D4231E4CD80035FFB0 /* girl.jpg in Resources */,
				B642514122C765EF00BB5965 /* VertexShaderBlackWhite.vsh in Resources */,
				B642514E22C76D8B00BB5965 /* VertexShaderNormal.vsh in Resources */,
				B651AE1822CB8D1500D0CE43 /* VertexShaderMosaic3.vsh in Resources */,
				B642515022C76D9A00BB5965 /* FragmentShaderNormal.fsh in Resources */,
				B642516222C8BBE700BB5965 /* VertexShaderMosaic2.vsh in Resources */,
				B642511C22C7657B00BB5965 /* LaunchScreen.storyboard in Resources */,
				B642511922C7657B00BB5965 /* Assets.xcassets in Resources */,
				B642515522C890A100BB5965 /* FragmentShaderReverse.fsh in Resources */,
				B642511722C7656800BB5965 /* Main.storyboard in Resources */,
				B642515A22C8923D00BB5965 /* FragmentShaderVotex.fsh in Resources */,
			);
			runOnlyForDeploymentPostprocessing = 0;
		};
		B642512022C7657C00BB5965 /* Resources */ = {
			isa = PBXResourcesBuildPhase;
			buildActionMask = 2147483647;
			files = (
			);
			runOnlyForDeploymentPostprocessing = 0;
		};
		B642512B22C7657C00BB5965 /* Resources */ = {
			isa = PBXResourcesBuildPhase;
			buildActionMask = 2147483647;
			files = (
			);
			runOnlyForDeploymentPostprocessing = 0;
		};
/* End PBXResourcesBuildPhase section */

/* Begin PBXSourcesBuildPhase section */
		B642510A22C7656800BB5965 /* Sources */ = {
			isa = PBXSourcesBuildPhase;
			buildActionMask = 2147483647;
			files = (
				B642511422C7656800BB5965 /* ViewController.swift in Sources */,
				B642514722C7669100BB5965 /* OMView.swift in Sources */,
				B642514922C766AE00BB5965 /* OMFilterView.swift in Sources */,
				B642511222C7656800BB5965 /* AppDelegate.swift in Sources */,
			);
			runOnlyForDeploymentPostprocessing = 0;
		};
		B642511E22C7657C00BB5965 /* Sources */ = {
			isa = PBXSourcesBuildPhase;
			buildActionMask = 2147483647;
			files = (
				B642512722C7657C00BB5965 /* OpenGL_ES_____Tests.swift in Sources */,
			);
			runOnlyForDeploymentPostprocessing = 0;
		};
		B642512922C7657C00BB5965 /* Sources */ = {
			isa = PBXSourcesBuildPhase;
			buildActionMask = 2147483647;
			files = (
				B642513222C7657C00BB5965 /* OpenGL_ES_____UITests.swift in Sources */,
			);
			runOnlyForDeploymentPostprocessing = 0;
		};
/* End PBXSourcesBuildPhase section */

/* Begin PBXTargetDependency section */
		B642512422C7657C00BB5965 /* PBXTargetDependency */ = {
			isa = PBXTargetDependency;
			target = B642510D22C7656800BB5965 /* OpenGL ES 常见滤镜 */;
			targetProxy = B642512322C7657C00BB5965 /* PBXContainerItemProxy */;
		};
		B642512F22C7657C00BB5965 /* PBXTargetDependency */ = {
			isa = PBXTargetDependency;
			target = B642510D22C7656800BB5965 /* OpenGL ES 常见滤镜 */;
			targetProxy = B642512E22C7657C00BB5965 /* PBXContainerItemProxy */;
		};
/* End PBXTargetDependency section */

/* Begin PBXVariantGroup section */
		B642511522C7656800BB5965 /* Main.storyboard */ = {
			isa = PBXVariantGroup;
			children = (
				B642511622C7656800BB5965 /* Base */,
			);
			name = Main.storyboard;
			sourceTree = "<group>";
		};
		B642511A22C7657B00BB5965 /* LaunchScreen.storyboard */ = {
			isa = PBXVariantGroup;
			children = (
				B642511B22C7657B00BB5965 /* Base */,
			);
			name = LaunchScreen.storyboard;
			sourceTree = "<group>";
		};
/* End PBXVariantGroup section */

/* Begin XCBuildConfiguration section */
		B642513422C7657C00BB5965 /* Debug */ = {
			isa = XCBuildConfiguration;
			buildSettings = {
				ALWAYS_SEARCH_USER_PATHS = NO;
				CLANG_ANALYZER_NONNULL = YES;
				CLANG_ANALYZER_NUMBER_OBJECT_CONVERSION = YES_AGGRESSIVE;
				CLANG_CXX_LANGUAGE_STANDARD = "gnu++14";
				CLANG_CXX_LIBRARY = "libc++";
				CLANG_ENABLE_MODULES = YES;
				CLANG_ENABLE_OBJC_ARC = YES;
				CLANG_ENABLE_OBJC_WEAK = YES;
				CLANG_WARN_BLOCK_CAPTURE_AUTORELEASING = YES;
				CLANG_WARN_BOOL_CONVERSION = YES;
				CLANG_WARN_COMMA = YES;
				CLANG_WARN_CONSTANT_CONVERSION = YES;
				CLANG_WARN_DEPRECATED_OBJC_IMPLEMENTATIONS = YES;
				CLANG_WARN_DIRECT_OBJC_ISA_USAGE = YES_ERROR;
				CLANG_WARN_DOCUMENTATION_COMMENTS = YES;
				CLANG_WARN_EMPTY_BODY = YES;
				CLANG_WARN_ENUM_CONVERSION = YES;
				CLANG_WARN_INFINITE_RECURSION = YES;
				CLANG_WARN_INT_CONVERSION = YES;
				CLANG_WARN_NON_LITERAL_NULL_CONVERSION = YES;
				CLANG_WARN_OBJC_IMPLICIT_RETAIN_SELF = YES;
				CLANG_WARN_OBJC_LITERAL_CONVERSION = YES;
				CLANG_WARN_OBJC_ROOT_CLASS = YES_ERROR;
				CLANG_WARN_RANGE_LOOP_ANALYSIS = YES;
				CLANG_WARN_STRICT_PROTOTYPES = YES;
				CLANG_WARN_SUSPICIOUS_MOVE = YES;
				CLANG_WARN_UNGUARDED_AVAILABILITY = YES_AGGRESSIVE;
				CLANG_WARN_UNREACHABLE_CODE = YES;
				CLANG_WARN__DUPLICATE_METHOD_MATCH = YES;
				CODE_SIGN_IDENTITY = "iPhone Developer";
				COPY_PHASE_STRIP = NO;
				DEBUG_INFORMATION_FORMAT = dwarf;
				ENABLE_STRICT_OBJC_MSGSEND = YES;
				ENABLE_TESTABILITY = YES;
				GCC_C_LANGUAGE_STANDARD = gnu11;
				GCC_DYNAMIC_NO_PIC = NO;
				GCC_NO_COMMON_BLOCKS = YES;
				GCC_OPTIMIZATION_LEVEL = 0;
				GCC_PREPROCESSOR_DEFINITIONS = (
					"DEBUG=1",
					"$(inherited)",
				);
				GCC_WARN_64_TO_32_BIT_CONVERSION = YES;
				GCC_WARN_ABOUT_RETURN_TYPE = YES_ERROR;
				GCC_WARN_UNDECLARED_SELECTOR = YES;
				GCC_WARN_UNINITIALIZED_AUTOS = YES_AGGRESSIVE;
				GCC_WARN_UNUSED_FUNCTION = YES;
				GCC_WARN_UNUSED_VARIABLE = YES;
				IPHONEOS_DEPLOYMENT_TARGET = 12.1;
				MTL_ENABLE_DEBUG_INFO = INCLUDE_SOURCE;
				MTL_FAST_MATH = YES;
				ONLY_ACTIVE_ARCH = YES;
				SDKROOT = iphoneos;
				SWIFT_ACTIVE_COMPILATION_CONDITIONS = DEBUG;
				SWIFT_OPTIMIZATION_LEVEL = "-Onone";
			};
			name = Debug;
		};
		B642513522C7657C00BB5965 /* Release */ = {
			isa = XCBuildConfiguration;
			buildSettings = {
				ALWAYS_SEARCH_USER_PATHS = NO;
				CLANG_ANALYZER_NONNULL = YES;
				CLANG_ANALYZER_NUMBER_OBJECT_CONVERSION = YES_AGGRESSIVE;
				CLANG_CXX_LANGUAGE_STANDARD = "gnu++14";
				CLANG_CXX_LIBRARY = "libc++";
				CLANG_ENABLE_MODULES = YES;
				CLANG_ENABLE_OBJC_ARC = YES;
				CLANG_ENABLE_OBJC_WEAK = YES;
				CLANG_WARN_BLOCK_CAPTURE_AUTORELEASING = YES;
				CLANG_WARN_BOOL_CONVERSION = YES;
				CLANG_WARN_COMMA = YES;
				CLANG_WARN_CONSTANT_CONVERSION = YES;
				CLANG_WARN_DEPRECATED_OBJC_IMPLEMENTATIONS = YES;
				CLANG_WARN_DIRECT_OBJC_ISA_USAGE = YES_ERROR;
				CLANG_WARN_DOCUMENTATION_COMMENTS = YES;
				CLANG_WARN_EMPTY_BODY = YES;
				CLANG_WARN_ENUM_CONVERSION = YES;
				CLANG_WARN_INFINITE_RECURSION = YES;
				CLANG_WARN_INT_CONVERSION = YES;
				CLANG_WARN_NON_LITERAL_NULL_CONVERSION = YES;
				CLANG_WARN_OBJC_IMPLICIT_RETAIN_SELF = YES;
				CLANG_WARN_OBJC_LITERAL_CONVERSION = YES;
				CLANG_WARN_OBJC_ROOT_CLASS = YES_ERROR;
				CLANG_WARN_RANGE_LOOP_ANALYSIS = YES;
				CLANG_WARN_STRICT_PROTOTYPES = YES;
				CLANG_WARN_SUSPICIOUS_MOVE = YES;
				CLANG_WARN_UNGUARDED_AVAILABILITY = YES_AGGRESSIVE;
				CLANG_WARN_UNREACHABLE_CODE = YES;
				CLANG_WARN__DUPLICATE_METHOD_MATCH = YES;
				CODE_SIGN_IDENTITY = "iPhone Developer";
				COPY_PHASE_STRIP = NO;
				DEBUG_INFORMATION_FORMAT = "dwarf-with-dsym";
				ENABLE_NS_ASSERTIONS = NO;
				ENABLE_STRICT_OBJC_MSGSEND = YES;
				GCC_C_LANGUAGE_STANDARD = gnu11;
				GCC_NO_COMMON_BLOCKS = YES;
				GCC_WARN_64_TO_32_BIT_CONVERSION = YES;
				GCC_WARN_ABOUT_RETURN_TYPE = YES_ERROR;
				GCC_WARN_UNDECLARED_SELECTOR = YES;
				GCC_WARN_UNINITIALIZED_AUTOS = YES_AGGRESSIVE;
				GCC_WARN_UNUSED_FUNCTION = YES;
				GCC_WARN_UNUSED_VARIABLE = YES;
				IPHONEOS_DEPLOYMENT_TARGET = 12.1;
				MTL_ENABLE_DEBUG_INFO = NO;
				MTL_FAST_MATH = YES;
				SDKROOT = iphoneos;
				SWIFT_COMPILATION_MODE = wholemodule;
				SWIFT_OPTIMIZATION_LEVEL = "-O";
				VALIDATE_PRODUCT = YES;
			};
			name = Release;
		};
		B642513722C7657C00BB5965 /* Debug */ = {
			isa = XCBuildConfiguration;
			buildSettings = {
				ASSETCATALOG_COMPILER_APPICON_NAME = AppIcon;
				CODE_SIGN_STYLE = Automatic;
				DEVELOPMENT_TEAM = 24XGJH48UL;
				INFOPLIST_FILE = "OpenGL ES 常见滤镜/Info.plist";
				IPHONEOS_DEPLOYMENT_TARGET = 10.0;
				LD_RUNPATH_SEARCH_PATHS = (
					"$(inherited)",
					"@executable_path/Frameworks",
				);
				PRODUCT_BUNDLE_IDENTIFIER = "cn.oymuzi.OpenGL-ES-----";
				PRODUCT_NAME = "$(TARGET_NAME)";
				SWIFT_VERSION = 4.2;
				TARGETED_DEVICE_FAMILY = "1,2";
			};
			name = Debug;
		};
		B642513822C7657C00BB5965 /* Release */ = {
			isa = XCBuildConfiguration;
			buildSettings = {
				ASSETCATALOG_COMPILER_APPICON_NAME = AppIcon;
				CODE_SIGN_STYLE = Automatic;
				DEVELOPMENT_TEAM = 24XGJH48UL;
				INFOPLIST_FILE = "OpenGL ES 常见滤镜/Info.plist";
				IPHONEOS_DEPLOYMENT_TARGET = 10.0;
				LD_RUNPATH_SEARCH_PATHS = (
					"$(inherited)",
					"@executable_path/Frameworks",
				);
				PRODUCT_BUNDLE_IDENTIFIER = "cn.oymuzi.OpenGL-ES-----";
				PRODUCT_NAME = "$(TARGET_NAME)";
				SWIFT_VERSION = 4.2;
				TARGETED_DEVICE_FAMILY = "1,2";
			};
			name = Release;
		};
		B642513A22C7657C00BB5965 /* Debug */ = {
			isa = XCBuildConfiguration;
			buildSettings = {
				ALWAYS_EMBED_SWIFT_STANDARD_LIBRARIES = YES;
				BUNDLE_LOADER = "$(TEST_HOST)";
				CODE_SIGN_STYLE = Automatic;
				DEVELOPMENT_TEAM = 24XGJH48UL;
				INFOPLIST_FILE = "OpenGL ES 常见滤镜Tests/Info.plist";
				LD_RUNPATH_SEARCH_PATHS = (
					"$(inherited)",
					"@executable_path/Frameworks",
					"@loader_path/Frameworks",
				);
				PRODUCT_BUNDLE_IDENTIFIER = "cn.oymuzi.OpenGL-ES-----Tests";
				PRODUCT_NAME = "$(TARGET_NAME)";
				SWIFT_VERSION = 4.2;
				TARGETED_DEVICE_FAMILY = "1,2";
				TEST_HOST = "$(BUILT_PRODUCTS_DIR)/OpenGL ES 常见滤镜.app/OpenGL ES 常见滤镜";
			};
			name = Debug;
		};
		B642513B22C7657C00BB5965 /* Release */ = {
			isa = XCBuildConfiguration;
			buildSettings = {
				ALWAYS_EMBED_SWIFT_STANDARD_LIBRARIES = YES;
				BUNDLE_LOADER = "$(TEST_HOST)";
				CODE_SIGN_STYLE = Automatic;
				DEVELOPMENT_TEAM = 24XGJH48UL;
				INFOPLIST_FILE = "OpenGL ES 常见滤镜Tests/Info.plist";
				LD_RUNPATH_SEARCH_PATHS = (
					"$(inherited)",
					"@executable_path/Frameworks",
					"@loader_path/Frameworks",
				);
				PRODUCT_BUNDLE_IDENTIFIER = "cn.oymuzi.OpenGL-ES-----Tests";
				PRODUCT_NAME = "$(TARGET_NAME)";
				SWIFT_VERSION = 4.2;
				TARGETED_DEVICE_FAMILY = "1,2";
				TEST_HOST = "$(BUILT_PRODUCTS_DIR)/OpenGL ES 常见滤镜.app/OpenGL ES 常见滤镜";
			};
			name = Release;
		};
		B642513D22C7657C00BB5965 /* Debug */ = {
			isa = XCBuildConfiguration;
			buildSettings = {
				ALWAYS_EMBED_SWIFT_STANDARD_LIBRARIES = YES;
				CODE_SIGN_STYLE = Automatic;
				DEVELOPMENT_TEAM = 24XGJH48UL;
				INFOPLIST_FILE = "OpenGL ES 常见滤镜UITests/Info.plist";
				LD_RUNPATH_SEARCH_PATHS = (
					"$(inherited)",
					"@executable_path/Frameworks",
					"@loader_path/Frameworks",
				);
				PRODUCT_BUNDLE_IDENTIFIER = "cn.oymuzi.OpenGL-ES-----UITests";
				PRODUCT_NAME = "$(TARGET_NAME)";
				SWIFT_VERSION = 4.2;
				TARGETED_DEVICE_FAMILY = "1,2";
				TEST_TARGET_NAME = "OpenGL ES 常见滤镜";
			};
			name = Debug;
		};
		B642513E22C7657C00BB5965 /* Release */ = {
			isa = XCBuildConfiguration;
			buildSettings = {
				ALWAYS_EMBED_SWIFT_STANDARD_LIBRARIES = YES;
				CODE_SIGN_STYLE = Automatic;
				DEVELOPMENT_TEAM = 24XGJH48UL;
				INFOPLIST_FILE = "OpenGL ES 常见滤镜UITests/Info.plist";
				LD_RUNPATH_SEARCH_PATHS = (
					"$(inherited)",
					"@executable_path/Frameworks",
					"@loader_path/Frameworks",
				);
				PRODUCT_BUNDLE_IDENTIFIER = "cn.oymuzi.OpenGL-ES-----UITests";
				PRODUCT_NAME = "$(TARGET_NAME)";
				SWIFT_VERSION = 4.2;
				TARGETED_DEVICE_FAMILY = "1,2";
				TEST_TARGET_NAME = "OpenGL ES 常见滤镜";
			};
			name = Release;
		};
/* End XCBuildConfiguration section */

/* Begin XCConfigurationList section */
		B642510922C7656800BB5965 /* Build configuration list for PBXProject "OpenGL ES 常见滤镜" */ = {
			isa = XCConfigurationList;
			buildConfigurations = (
				B642513422C7657C00BB5965 /* Debug */,
				B642513522C7657C00BB5965 /* Release */,
			);
			defaultConfigurationIsVisible = 0;
			defaultConfigurationName = Release;
		};
		B642513622C7657C00BB5965 /* Build configuration list for PBXNativeTarget "OpenGL ES 常见滤镜" */ = {
			isa = XCConfigurationList;
			buildConfigurations = (
				B642513722C7657C00BB5965 /* Debug */,
				B642513822C7657C00BB5965 /* Release */,
			);
			defaultConfigurationIsVisible = 0;
			defaultConfigurationName = Release;
		};
		B642513922C7657C00BB5965 /* Build configuration list for PBXNativeTarget "OpenGL ES 常见滤镜Tests" */ = {
			isa = XCConfigurationList;
			buildConfigurations = (
				B642513A22C7657C00BB5965 /* Debug */,
				B642513B22C7657C00BB5965 /* Release */,
			);
			defaultConfigurationIsVisible = 0;
			defaultConfigurationName = Release;
		};
		B642513C22C7657C00BB5965 /* Build configuration list for PBXNativeTarget "OpenGL ES 常见滤镜UITests" */ = {
			isa = XCConfigurationList;
			buildConfigurations = (
				B642513D22C7657C00BB5965 /* Debug */,
				B642513E22C7657C00BB5965 /* Release */,
			);
			defaultConfigurationIsVisible = 0;
			defaultConfigurationName = Release;
		};
/* End XCConfigurationList section */
	};
	rootObject = B642510622C7656800BB5965 /* Project object */;
}
