// !$*UTF8*$!
{
	archiveVersion = 1;
	classes = {
	};
	objectVersion = 50;
	objects = {

/* Begin PBXBuildFile section */
		B66BADB622DB024600B2F750 /* AppDelegate.swift in Sources */ = {isa = PBXBuildFile; fileRef = B66BADB522DB024600B2F750 /* AppDelegate.swift */; };
		B66BADB822DB024600B2F750 /* ViewController.swift in Sources */ = {isa = PBXBuildFile; fileRef = B66BADB722DB024600B2F750 /* ViewController.swift */; };
		B66BADBB22DB024600B2F750 /* Main.storyboard in Resources */ = {isa = PBXBuildFile; fileRef = B66BADB922DB024600B2F750 /* Main.storyboard */; };
		B66BADBD22DB024800B2F750 /* Assets.xcassets in Resources */ = {isa = PBXBuildFile; fileRef = B66BADBC22DB024800B2F750 /* Assets.xcassets */; };
		B66BADC022DB024800B2F750 /* LaunchScreen.storyboard in Resources */ = {isa = PBXBuildFile; fileRef = B66BADBE22DB024800B2F750 /* LaunchScreen.storyboard */; };
		B66BADCB22DB024800B2F750 /* Metal_______Tests.swift in Sources */ = {isa = PBXBuildFile; fileRef = B66BADCA22DB024800B2F750 /* Metal_______Tests.swift */; };
		B66BADD622DB024900B2F750 /* Metal_______UITests.swift in Sources */ = {isa = PBXBuildFile; fileRef = B66BADD522DB024900B2F750 /* Metal_______UITests.swift */; };
/* End PBXBuildFile section */

/* Begin PBXContainerItemProxy section */
		B66BADC722DB024800B2F750 /* PBXContainerItemProxy */ = {
			isa = PBXContainerItemProxy;
			containerPortal = B66BADAA22DB024600B2F750 /* Project object */;
			proxyType = 1;
			remoteGlobalIDString = B66BADB122DB024600B2F750;
			remoteInfo = "Metal 实时相机预览";
		};
		B66BADD222DB024900B2F750 /* PBXContainerItemProxy */ = {
			isa = PBXContainerItemProxy;
			containerPortal = B66BADAA22DB024600B2F750 /* Project object */;
			proxyType = 1;
			remoteGlobalIDString = B66BADB122DB024600B2F750;
			remoteInfo = "Metal 实时相机预览";
		};
/* End PBXContainerItemProxy section */

/* Begin PBXFileReference section */
		B66BADB222DB024600B2F750 /* Metal 实时相机预览.app */ = {isa = PBXFileReference; explicitFileType = wrapper.application; includeInIndex = 0; path = "Metal 实时相机预览.app"; sourceTree = BUILT_PRODUCTS_DIR; };
		B66BADB522DB024600B2F750 /* AppDelegate.swift */ = {isa = PBXFileReference; lastKnownFileType = sourcecode.swift; path = AppDelegate.swift; sourceTree = "<group>"; };
		B66BADB722DB024600B2F750 /* ViewController.swift */ = {isa = PBXFileReference; lastKnownFileType = sourcecode.swift; path = ViewController.swift; sourceTree = "<group>"; };
		B66BADBA22DB024600B2F750 /* Base */ = {isa = PBXFileReference; lastKnownFileType = file.storyboard; name = Base; path = Base.lproj/Main.storyboard; sourceTree = "<group>"; };
		B66BADBC22DB024800B2F750 /* Assets.xcassets */ = {isa = PBXFileReference; lastKnownFileType = folder.assetcatalog; path = Assets.xcassets; sourceTree = "<group>"; };
		B66BADBF22DB024800B2F750 /* Base */ = {isa = PBXFileReference; lastKnownFileType = file.storyboard; name = Base; path = Base.lproj/LaunchScreen.storyboard; sourceTree = "<group>"; };
		B66BADC122DB024800B2F750 /* Info.plist */ = {isa = PBXFileReference; lastKnownFileType = text.plist.xml; path = Info.plist; sourceTree = "<group>"; };
		B66BADC622DB024800B2F750 /* Metal 实时相机预览Tests.xctest */ = {isa = PBXFileReference; explicitFileType = wrapper.cfbundle; includeInIndex = 0; path = "Metal 实时相机预览Tests.xctest"; sourceTree = BUILT_PRODUCTS_DIR; };
		B66BADCA22DB024800B2F750 /* Metal_______Tests.swift */ = {isa = PBXFileReference; lastKnownFileType = sourcecode.swift; path = "Metal_______Tests.swift"; sourceTree = "<group>"; };
		B66BADCC22DB024800B2F750 /* Info.plist */ = {isa = PBXFileReference; lastKnownFileType = text.plist.xml; path = Info.plist; sourceTree = "<group>"; };
		B66BADD122DB024900B2F750 /* Metal 实时相机预览UITests.xctest */ = {isa = PBXFileReference; explicitFileType = wrapper.cfbundle; includeInIndex = 0; path = "Metal 实时相机预览UITests.xctest"; sourceTree = BUILT_PRODUCTS_DIR; };
		B66BADD522DB024900B2F750 /* Metal_______UITests.swift */ = {isa = PBXFileReference; lastKnownFileType = sourcecode.swift; path = "Metal_______UITests.swift"; sourceTree = "<group>"; };
		B66BADD722DB024900B2F750 /* Info.plist */ = {isa = PBXFileReference; lastKnownFileType = text.plist.xml; path = Info.plist; sourceTree = "<group>"; };
/* End PBXFileReference section */

/* Begin PBXFrameworksBuildPhase section */
		B66BADAF22DB024600B2F750 /* Frameworks */ = {
			isa = PBXFrameworksBuildPhase;
			buildActionMask = 2147483647;
			files = (
			);
			runOnlyForDeploymentPostprocessing = 0;
		};
		B66BADC322DB024800B2F750 /* Frameworks */ = {
			isa = PBXFrameworksBuildPhase;
			buildActionMask = 2147483647;
			files = (
			);
			runOnlyForDeploymentPostprocessing = 0;
		};
		B66BADCE22DB024900B2F750 /* Frameworks */ = {
			isa = PBXFrameworksBuildPhase;
			buildActionMask = 2147483647;
			files = (
			);
			runOnlyForDeploymentPostprocessing = 0;
		};
/* End PBXFrameworksBuildPhase section */

/* Begin PBXGroup section */
		B66BADA922DB024600B2F750 = {
			isa = PBXGroup;
			children = (
				B66BADB422DB024600B2F750 /* Metal 实时相机预览 */,
				B66BADC922DB024800B2F750 /* Metal 实时相机预览Tests */,
				B66BADD422DB024900B2F750 /* Metal 实时相机预览UITests */,
				B66BADB322DB024600B2F750 /* Products */,
			);
			sourceTree = "<group>";
		};
		B66BADB322DB024600B2F750 /* Products */ = {
			isa = PBXGroup;
			children = (
				B66BADB222DB024600B2F750 /* Metal 实时相机预览.app */,
				B66BADC622DB024800B2F750 /* Metal 实时相机预览Tests.xctest */,
				B66BADD122DB024900B2F750 /* Metal 实时相机预览UITests.xctest */,
			);
			name = Products;
			sourceTree = "<group>";
		};
		B66BADB422DB024600B2F750 /* Metal 实时相机预览 */ = {
			isa = PBXGroup;
			children = (
				B66BADB522DB024600B2F750 /* AppDelegate.swift */,
				B66BADB722DB024600B2F750 /* ViewController.swift */,
				B66BADB922DB024600B2F750 /* Main.storyboard */,
				B66BADBC22DB024800B2F750 /* Assets.xcassets */,
				B66BADBE22DB024800B2F750 /* LaunchScreen.storyboard */,
				B66BADC122DB024800B2F750 /* Info.plist */,
			);
			path = "Metal 实时相机预览";
			sourceTree = "<group>";
		};
		B66BADC922DB024800B2F750 /* Metal 实时相机预览Tests */ = {
			isa = PBXGroup;
			children = (
				B66BADCA22DB024800B2F750 /* Metal_______Tests.swift */,
				B66BADCC22DB024800B2F750 /* Info.plist */,
			);
			path = "Metal 实时相机预览Tests";
			sourceTree = "<group>";
		};
		B66BADD422DB024900B2F750 /* Metal 实时相机预览UITests */ = {
			isa = PBXGroup;
			children = (
				B66BADD522DB024900B2F750 /* Metal_______UITests.swift */,
				B66BADD722DB024900B2F750 /* Info.plist */,
			);
			path = "Metal 实时相机预览UITests";
			sourceTree = "<group>";
		};
/* End PBXGroup section */

/* Begin PBXNativeTarget section */
		B66BADB122DB024600B2F750 /* Metal 实时相机预览 */ = {
			isa = PBXNativeTarget;
			buildConfigurationList = B66BADDA22DB024900B2F750 /* Build configuration list for PBXNativeTarget "Metal 实时相机预览" */;
			buildPhases = (
				B66BADAE22DB024600B2F750 /* Sources */,
				B66BADAF22DB024600B2F750 /* Frameworks */,
				B66BADB022DB024600B2F750 /* Resources */,
			);
			buildRules = (
			);
			dependencies = (
			);
			name = "Metal 实时相机预览";
			productName = "Metal 实时相机预览";
			productReference = B66BADB222DB024600B2F750 /* Metal 实时相机预览.app */;
			productType = "com.apple.product-type.application";
		};
		B66BADC522DB024800B2F750 /* Metal 实时相机预览Tests */ = {
			isa = PBXNativeTarget;
			buildConfigurationList = B66BADDD22DB024900B2F750 /* Build configuration list for PBXNativeTarget "Metal 实时相机预览Tests" */;
			buildPhases = (
				B66BADC222DB024800B2F750 /* Sources */,
				B66BADC322DB024800B2F750 /* Frameworks */,
				B66BADC422DB024800B2F750 /* Resources */,
			);
			buildRules = (
			);
			dependencies = (
				B66BADC822DB024800B2F750 /* PBXTargetDependency */,
			);
			name = "Metal 实时相机预览Tests";
			productName = "Metal 实时相机预览Tests";
			productReference = B66BADC622DB024800B2F750 /* Metal 实时相机预览Tests.xctest */;
			productType = "com.apple.product-type.bundle.unit-test";
		};
		B66BADD022DB024900B2F750 /* Metal 实时相机预览UITests */ = {
			isa = PBXNativeTarget;
			buildConfigurationList = B66BADE022DB024900B2F750 /* Build configuration list for PBXNativeTarget "Metal 实时相机预览UITests" */;
			buildPhases = (
				B66BADCD22DB024900B2F750 /* Sources */,
				B66BADCE22DB024900B2F750 /* Frameworks */,
				B66BADCF22DB024900B2F750 /* Resources */,
			);
			buildRules = (
			);
			dependencies = (
				B66BADD322DB024900B2F750 /* PBXTargetDependency */,
			);
			name = "Metal 实时相机预览UITests";
			productName = "Metal 实时相机预览UITests";
			productReference = B66BADD122DB024900B2F750 /* Metal 实时相机预览UITests.xctest */;
			productType = "com.apple.product-type.bundle.ui-testing";
		};
/* End PBXNativeTarget section */

/* Begin PBXProject section */
		B66BADAA22DB024600B2F750 /* Project object */ = {
			isa = PBXProject;
			attributes = {
				LastSwiftUpdateCheck = 1010;
				LastUpgradeCheck = 1010;
				ORGANIZATIONNAME = "欧阳林";
				TargetAttributes = {
					B66BADB122DB024600B2F750 = {
						CreatedOnToolsVersion = 10.1;
					};
					B66BADC522DB024800B2F750 = {
						CreatedOnToolsVersion = 10.1;
						TestTargetID = B66BADB122DB024600B2F750;
					};
					B66BADD022DB024900B2F750 = {
						CreatedOnToolsVersion = 10.1;
						TestTargetID = B66BADB122DB024600B2F750;
					};
				};
			};
			buildConfigurationList = B66BADAD22DB024600B2F750 /* Build configuration list for PBXProject "Metal 实时相机预览" */;
			compatibilityVersion = "Xcode 9.3";
			developmentRegion = en;
			hasScannedForEncodings = 0;
			knownRegions = (
				en,
				Base,
			);
			mainGroup = B66BADA922DB024600B2F750;
			productRefGroup = B66BADB322DB024600B2F750 /* Products */;
			projectDirPath = "";
			projectRoot = "";
			targets = (
				B66BADB122DB024600B2F750 /* Metal 实时相机预览 */,
				B66BADC522DB024800B2F750 /* Metal 实时相机预览Tests */,
				B66BADD022DB024900B2F750 /* Metal 实时相机预览UITests */,
			);
		};
/* End PBXProject section */

/* Begin PBXResourcesBuildPhase section */
		B66BADB022DB024600B2F750 /* Resources */ = {
			isa = PBXResourcesBuildPhase;
			buildActionMask = 2147483647;
			files = (
				B66BADC022DB024800B2F750 /* LaunchScreen.storyboard in Resources */,
				B66BADBD22DB024800B2F750 /* Assets.xcassets in Resources */,
				B66BADBB22DB024600B2F750 /* Main.storyboard in Resources */,
			);
			runOnlyForDeploymentPostprocessing = 0;
		};
		B66BADC422DB024800B2F750 /* Resources */ = {
			isa = PBXResourcesBuildPhase;
			buildActionMask = 2147483647;
			files = (
			);
			runOnlyForDeploymentPostprocessing = 0;
		};
		B66BADCF22DB024900B2F750 /* Resources */ = {
			isa = PBXResourcesBuildPhase;
			buildActionMask = 2147483647;
			files = (
			);
			runOnlyForDeploymentPostprocessing = 0;
		};
/* End PBXResourcesBuildPhase section */

/* Begin PBXSourcesBuildPhase section */
		B66BADAE22DB024600B2F750 /* Sources */ = {
			isa = PBXSourcesBuildPhase;
			buildActionMask = 2147483647;
			files = (
				B66BADB822DB024600B2F750 /* ViewController.swift in Sources */,
				B66BADB622DB024600B2F750 /* AppDelegate.swift in Sources */,
			);
			runOnlyForDeploymentPostprocessing = 0;
		};
		B66BADC222DB024800B2F750 /* Sources */ = {
			isa = PBXSourcesBuildPhase;
			buildActionMask = 2147483647;
			files = (
				B66BADCB22DB024800B2F750 /* Metal_______Tests.swift in Sources */,
			);
			runOnlyForDeploymentPostprocessing = 0;
		};
		B66BADCD22DB024900B2F750 /* Sources */ = {
			isa = PBXSourcesBuildPhase;
			buildActionMask = 2147483647;
			files = (
				B66BADD622DB024900B2F750 /* Metal_______UITests.swift in Sources */,
			);
			runOnlyForDeploymentPostprocessing = 0;
		};
/* End PBXSourcesBuildPhase section */

/* Begin PBXTargetDependency section */
		B66BADC822DB024800B2F750 /* PBXTargetDependency */ = {
			isa = PBXTargetDependency;
			target = B66BADB122DB024600B2F750 /* Metal 实时相机预览 */;
			targetProxy = B66BADC722DB024800B2F750 /* PBXContainerItemProxy */;
		};
		B66BADD322DB024900B2F750 /* PBXTargetDependency */ = {
			isa = PBXTargetDependency;
			target = B66BADB122DB024600B2F750 /* Metal 实时相机预览 */;
			targetProxy = B66BADD222DB024900B2F750 /* PBXContainerItemProxy */;
		};
/* End PBXTargetDependency section */

/* Begin PBXVariantGroup section */
		B66BADB922DB024600B2F750 /* Main.storyboard */ = {
			isa = PBXVariantGroup;
			children = (
				B66BADBA22DB024600B2F750 /* Base */,
			);
			name = Main.storyboard;
			sourceTree = "<group>";
		};
		B66BADBE22DB024800B2F750 /* LaunchScreen.storyboard */ = {
			isa = PBXVariantGroup;
			children = (
				B66BADBF22DB024800B2F750 /* Base */,
			);
			name = LaunchScreen.storyboard;
			sourceTree = "<group>";
		};
/* End PBXVariantGroup section */

/* Begin XCBuildConfiguration section */
		B66BADD822DB024900B2F750 /* Debug */ = {
			isa = XCBuildConfiguration;
			buildSettings = {
				ALWAYS_SEARCH_USER_PATHS = NO;
				CLANG_ANALYZER_NONNULL = YES;
				CLANG_ANALYZER_NUMBER_OBJECT_CONVERSION = YES_AGGRESSIVE;
				CLANG_CXX_LANGUAGE_STANDARD = "gnu++14";
				CLANG_CXX_LIBRARY = "libc++";
				CLANG_ENABLE_MODULES = YES;
				CLANG_ENABLE_OBJC_ARC = YES;
				CLANG_ENABLE_OBJC_WEAK = YES;
				CLANG_WARN_BLOCK_CAPTURE_AUTORELEASING = YES;
				CLANG_WARN_BOOL_CONVERSION = YES;
				CLANG_WARN_COMMA = YES;
				CLANG_WARN_CONSTANT_CONVERSION = YES;
				CLANG_WARN_DEPRECATED_OBJC_IMPLEMENTATIONS = YES;
				CLANG_WARN_DIRECT_OBJC_ISA_USAGE = YES_ERROR;
				CLANG_WARN_DOCUMENTATION_COMMENTS = YES;
				CLANG_WARN_EMPTY_BODY = YES;
				CLANG_WARN_ENUM_CONVERSION = YES;
				CLANG_WARN_INFINITE_RECURSION = YES;
				CLANG_WARN_INT_CONVERSION = YES;
				CLANG_WARN_NON_LITERAL_NULL_CONVERSION = YES;
				CLANG_WARN_OBJC_IMPLICIT_RETAIN_SELF = YES;
				CLANG_WARN_OBJC_LITERAL_CONVERSION = YES;
				CLANG_WARN_OBJC_ROOT_CLASS = YES_ERROR;
				CLANG_WARN_RANGE_LOOP_ANALYSIS = YES;
				CLANG_WARN_STRICT_PROTOTYPES = YES;
				CLANG_WARN_SUSPICIOUS_MOVE = YES;
				CLANG_WARN_UNGUARDED_AVAILABILITY = YES_AGGRESSIVE;
				CLANG_WARN_UNREACHABLE_CODE = YES;
				CLANG_WARN__DUPLICATE_METHOD_MATCH = YES;
				CODE_SIGN_IDENTITY = "iPhone Developer";
				COPY_PHASE_STRIP = NO;
				DEBUG_INFORMATION_FORMAT = dwarf;
				ENABLE_STRICT_OBJC_MSGSEND = YES;
				ENABLE_TESTABILITY = YES;
				GCC_C_LANGUAGE_STANDARD = gnu11;
				GCC_DYNAMIC_NO_PIC = NO;
				GCC_NO_COMMON_BLOCKS = YES;
				GCC_OPTIMIZATION_LEVEL = 0;
				GCC_PREPROCESSOR_DEFINITIONS = (
					"DEBUG=1",
					"$(inherited)",
				);
				GCC_WARN_64_TO_32_BIT_CONVERSION = YES;
				GCC_WARN_ABOUT_RETURN_TYPE = YES_ERROR;
				GCC_WARN_UNDECLARED_SELECTOR = YES;
				GCC_WARN_UNINITIALIZED_AUTOS = YES_AGGRESSIVE;
				GCC_WARN_UNUSED_FUNCTION = YES;
				GCC_WARN_UNUSED_VARIABLE = YES;
				IPHONEOS_DEPLOYMENT_TARGET = 12.1;
				MTL_ENABLE_DEBUG_INFO = INCLUDE_SOURCE;
				MTL_FAST_MATH = YES;
				ONLY_ACTIVE_ARCH = YES;
				SDKROOT = iphoneos;
				SWIFT_ACTIVE_COMPILATION_CONDITIONS = DEBUG;
				SWIFT_OPTIMIZATION_LEVEL = "-Onone";
			};
			name = Debug;
		};
		B66BADD922DB024900B2F750 /* Release */ = {
			isa = XCBuildConfiguration;
			buildSettings = {
				ALWAYS_SEARCH_USER_PATHS = NO;
				CLANG_ANALYZER_NONNULL = YES;
				CLANG_ANALYZER_NUMBER_OBJECT_CONVERSION = YES_AGGRESSIVE;
				CLANG_CXX_LANGUAGE_STANDARD = "gnu++14";
				CLANG_CXX_LIBRARY = "libc++";
				CLANG_ENABLE_MODULES = YES;
				CLANG_ENABLE_OBJC_ARC = YES;
				CLANG_ENABLE_OBJC_WEAK = YES;
				CLANG_WARN_BLOCK_CAPTURE_AUTORELEASING = YES;
				CLANG_WARN_BOOL_CONVERSION = YES;
				CLANG_WARN_COMMA = YES;
				CLANG_WARN_CONSTANT_CONVERSION = YES;
				CLANG_WARN_DEPRECATED_OBJC_IMPLEMENTATIONS = YES;
				CLANG_WARN_DIRECT_OBJC_ISA_USAGE = YES_ERROR;
				CLANG_WARN_DOCUMENTATION_COMMENTS = YES;
				CLANG_WARN_EMPTY_BODY = YES;
				CLANG_WARN_ENUM_CONVERSION = YES;
				CLANG_WARN_INFINITE_RECURSION = YES;
				CLANG_WARN_INT_CONVERSION = YES;
				CLANG_WARN_NON_LITERAL_NULL_CONVERSION = YES;
				CLANG_WARN_OBJC_IMPLICIT_RETAIN_SELF = YES;
				CLANG_WARN_OBJC_LITERAL_CONVERSION = YES;
				CLANG_WARN_OBJC_ROOT_CLASS = YES_ERROR;
				CLANG_WARN_RANGE_LOOP_ANALYSIS = YES;
				CLANG_WARN_STRICT_PROTOTYPES = YES;
				CLANG_WARN_SUSPICIOUS_MOVE = YES;
				CLANG_WARN_UNGUARDED_AVAILABILITY = YES_AGGRESSIVE;
				CLANG_WARN_UNREACHABLE_CODE = YES;
				CLANG_WARN__DUPLICATE_METHOD_MATCH = YES;
				CODE_SIGN_IDENTITY = "iPhone Developer";
				COPY_PHASE_STRIP = NO;
				DEBUG_INFORMATION_FORMAT = "dwarf-with-dsym";
				ENABLE_NS_ASSERTIONS = NO;
				ENABLE_STRICT_OBJC_MSGSEND = YES;
				GCC_C_LANGUAGE_STANDARD = gnu11;
				GCC_NO_COMMON_BLOCKS = YES;
				GCC_WARN_64_TO_32_BIT_CONVERSION = YES;
				GCC_WARN_ABOUT_RETURN_TYPE = YES_ERROR;
				GCC_WARN_UNDECLARED_SELECTOR = YES;
				GCC_WARN_UNINITIALIZED_AUTOS = YES_AGGRESSIVE;
				GCC_WARN_UNUSED_FUNCTION = YES;
				GCC_WARN_UNUSED_VARIABLE = YES;
				IPHONEOS_DEPLOYMENT_TARGET = 12.1;
				MTL_ENABLE_DEBUG_INFO = NO;
				MTL_FAST_MATH = YES;
				SDKROOT = iphoneos;
				SWIFT_COMPILATION_MODE = wholemodule;
				SWIFT_OPTIMIZATION_LEVEL = "-O";
				VALIDATE_PRODUCT = YES;
			};
			name = Release;
		};
		B66BADDB22DB024900B2F750 /* Debug */ = {
			isa = XCBuildConfiguration;
			buildSettings = {
				ASSETCATALOG_COMPILER_APPICON_NAME = AppIcon;
				CODE_SIGN_STYLE = Automatic;
				DEVELOPMENT_TEAM = 24XGJH48UL;
				INFOPLIST_FILE = "Metal 实时相机预览/Info.plist";
				IPHONEOS_DEPLOYMENT_TARGET = 9.0;
				LD_RUNPATH_SEARCH_PATHS = (
					"$(inherited)",
					"@executable_path/Frameworks",
				);
				PRODUCT_BUNDLE_IDENTIFIER = "cn.oymuzi.Metal-------";
				PRODUCT_NAME = "$(TARGET_NAME)";
				SWIFT_VERSION = 4.2;
				TARGETED_DEVICE_FAMILY = "1,2";
			};
			name = Debug;
		};
		B66BADDC22DB024900B2F750 /* Release */ = {
			isa = XCBuildConfiguration;
			buildSettings = {
				ASSETCATALOG_COMPILER_APPICON_NAME = AppIcon;
				CODE_SIGN_STYLE = Automatic;
				DEVELOPMENT_TEAM = 24XGJH48UL;
				INFOPLIST_FILE = "Metal 实时相机预览/Info.plist";
				IPHONEOS_DEPLOYMENT_TARGET = 9.0;
				LD_RUNPATH_SEARCH_PATHS = (
					"$(inherited)",
					"@executable_path/Frameworks",
				);
				PRODUCT_BUNDLE_IDENTIFIER = "cn.oymuzi.Metal-------";
				PRODUCT_NAME = "$(TARGET_NAME)";
				SWIFT_VERSION = 4.2;
				TARGETED_DEVICE_FAMILY = "1,2";
			};
			name = Release;
		};
		B66BADDE22DB024900B2F750 /* Debug */ = {
			isa = XCBuildConfiguration;
			buildSettings = {
				ALWAYS_EMBED_SWIFT_STANDARD_LIBRARIES = YES;
				BUNDLE_LOADER = "$(TEST_HOST)";
				CODE_SIGN_STYLE = Automatic;
				DEVELOPMENT_TEAM = 24XGJH48UL;
				INFOPLIST_FILE = "Metal 实时相机预览Tests/Info.plist";
				LD_RUNPATH_SEARCH_PATHS = (
					"$(inherited)",
					"@executable_path/Frameworks",
					"@loader_path/Frameworks",
				);
				PRODUCT_BUNDLE_IDENTIFIER = "cn.oymuzi.Metal-------Tests";
				PRODUCT_NAME = "$(TARGET_NAME)";
				SWIFT_VERSION = 4.2;
				TARGETED_DEVICE_FAMILY = "1,2";
				TEST_HOST = "$(BUILT_PRODUCTS_DIR)/Metal 实时相机预览.app/Metal 实时相机预览";
			};
			name = Debug;
		};
		B66BADDF22DB024900B2F750 /* Release */ = {
			isa = XCBuildConfiguration;
			buildSettings = {
				ALWAYS_EMBED_SWIFT_STANDARD_LIBRARIES = YES;
				BUNDLE_LOADER = "$(TEST_HOST)";
				CODE_SIGN_STYLE = Automatic;
				DEVELOPMENT_TEAM = 24XGJH48UL;
				INFOPLIST_FILE = "Metal 实时相机预览Tests/Info.plist";
				LD_RUNPATH_SEARCH_PATHS = (
					"$(inherited)",
					"@executable_path/Frameworks",
					"@loader_path/Frameworks",
				);
				PRODUCT_BUNDLE_IDENTIFIER = "cn.oymuzi.Metal-------Tests";
				PRODUCT_NAME = "$(TARGET_NAME)";
				SWIFT_VERSION = 4.2;
				TARGETED_DEVICE_FAMILY = "1,2";
				TEST_HOST = "$(BUILT_PRODUCTS_DIR)/Metal 实时相机预览.app/Metal 实时相机预览";
			};
			name = Release;
		};
		B66BADE122DB024900B2F750 /* Debug */ = {
			isa = XCBuildConfiguration;
			buildSettings = {
				ALWAYS_EMBED_SWIFT_STANDARD_LIBRARIES = YES;
				CODE_SIGN_STYLE = Automatic;
				DEVELOPMENT_TEAM = 24XGJH48UL;
				INFOPLIST_FILE = "Metal 实时相机预览UITests/Info.plist";
				LD_RUNPATH_SEARCH_PATHS = (
					"$(inherited)",
					"@executable_path/Frameworks",
					"@loader_path/Frameworks",
				);
				PRODUCT_BUNDLE_IDENTIFIER = "cn.oymuzi.Metal-------UITests";
				PRODUCT_NAME = "$(TARGET_NAME)";
				SWIFT_VERSION = 4.2;
				TARGETED_DEVICE_FAMILY = "1,2";
				TEST_TARGET_NAME = "Metal 实时相机预览";
			};
			name = Debug;
		};
		B66BADE222DB024900B2F750 /* Release */ = {
			isa = XCBuildConfiguration;
			buildSettings = {
				ALWAYS_EMBED_SWIFT_STANDARD_LIBRARIES = YES;
				CODE_SIGN_STYLE = Automatic;
				DEVELOPMENT_TEAM = 24XGJH48UL;
				INFOPLIST_FILE = "Metal 实时相机预览UITests/Info.plist";
				LD_RUNPATH_SEARCH_PATHS = (
					"$(inherited)",
					"@executable_path/Frameworks",
					"@loader_path/Frameworks",
				);
				PRODUCT_BUNDLE_IDENTIFIER = "cn.oymuzi.Metal-------UITests";
				PRODUCT_NAME = "$(TARGET_NAME)";
				SWIFT_VERSION = 4.2;
				TARGETED_DEVICE_FAMILY = "1,2";
				TEST_TARGET_NAME = "Metal 实时相机预览";
			};
			name = Release;
		};
/* End XCBuildConfiguration section */

/* Begin XCConfigurationList section */
		B66BADAD22DB024600B2F750 /* Build configuration list for PBXProject "Metal 实时相机预览" */ = {
			isa = XCConfigurationList;
			buildConfigurations = (
				B66BADD822DB024900B2F750 /* Debug */,
				B66BADD922DB024900B2F750 /* Release */,
			);
			defaultConfigurationIsVisible = 0;
			defaultConfigurationName = Release;
		};
		B66BADDA22DB024900B2F750 /* Build configuration list for PBXNativeTarget "Metal 实时相机预览" */ = {
			isa = XCConfigurationList;
			buildConfigurations = (
				B66BADDB22DB024900B2F750 /* Debug */,
				B66BADDC22DB024900B2F750 /* Release */,
			);
			defaultConfigurationIsVisible = 0;
			defaultConfigurationName = Release;
		};
		B66BADDD22DB024900B2F750 /* Build configuration list for PBXNativeTarget "Metal 实时相机预览Tests" */ = {
			isa = XCConfigurationList;
			buildConfigurations = (
				B66BADDE22DB024900B2F750 /* Debug */,
				B66BADDF22DB024900B2F750 /* Release */,
			);
			defaultConfigurationIsVisible = 0;
			defaultConfigurationName = Release;
		};
		B66BADE022DB024900B2F750 /* Build configuration list for PBXNativeTarget "Metal 实时相机预览UITests" */ = {
			isa = XCConfigurationList;
			buildConfigurations = (
				B66BADE122DB024900B2F750 /* Debug */,
				B66BADE222DB024900B2F750 /* Release */,
			);
			defaultConfigurationIsVisible = 0;
			defaultConfigurationName = Release;
		};
/* End XCConfigurationList section */
	};
	rootObject = B66BADAA22DB024600B2F750 /* Project object */;
}
